// !$*UTF8*$!
{
	archiveVersion = 1;
	classes = {
	};
	objectVersion = 56;
	objects = {

/* Begin PBXBuildFile section */
		468B479F2A98F2DB00169BE7 /* AppDelegate.swift in Sources */ = {isa = PBXBuildFile; fileRef = 468B479E2A98F2DB00169BE7 /* AppDelegate.swift */; };
		468B47A12A98F2DB00169BE7 /* SceneDelegate.swift in Sources */ = {isa = PBXBuildFile; fileRef = 468B47A02A98F2DB00169BE7 /* SceneDelegate.swift */; };
		468B47A32A98F2DB00169BE7 /* ViewController.swift in Sources */ = {isa = PBXBuildFile; fileRef = 468B47A22A98F2DB00169BE7 /* ViewController.swift */; };
		468B47A62A98F2DB00169BE7 /* Main.storyboard in Resources */ = {isa = PBXBuildFile; fileRef = 468B47A42A98F2DB00169BE7 /* Main.storyboard */; };
		468B47A82A98F2DC00169BE7 /* Assets.xcassets in Resources */ = {isa = PBXBuildFile; fileRef = 468B47A72A98F2DC00169BE7 /* Assets.xcassets */; };
		468B47AB2A98F2DC00169BE7 /* LaunchScreen.storyboard in Resources */ = {isa = PBXBuildFile; fileRef = 468B47A92A98F2DC00169BE7 /* LaunchScreen.storyboard */; };
		46B67F1C2A9A29E2006607A3 /* GoogleService-Info.plist in Resources */ = {isa = PBXBuildFile; fileRef = 46B67F1B2A9A29E2006607A3 /* GoogleService-Info.plist */; };
		46B67F222A9A2BDA006607A3 /* FirebaseMessaging in Frameworks */ = {isa = PBXBuildFile; productRef = 46B67F212A9A2BDA006607A3 /* FirebaseMessaging */; };
		46B67F242A9A3AF8006607A3 /* BeachViewController.swift in Sources */ = {isa = PBXBuildFile; fileRef = 46B67F232A9A3AF8006607A3 /* BeachViewController.swift */; };
		46B67F262A9A63BF006607A3 /* Notification.swift in Sources */ = {isa = PBXBuildFile; fileRef = 46B67F252A9A63BF006607A3 /* Notification.swift */; };
/* End PBXBuildFile section */

/* Begin PBXFileReference section */
		468B479B2A98F2DB00169BE7 /* AppCommonServices.app */ = {isa = PBXFileReference; explicitFileType = wrapper.application; includeInIndex = 0; path = AppCommonServices.app; sourceTree = BUILT_PRODUCTS_DIR; };
		468B479E2A98F2DB00169BE7 /* AppDelegate.swift */ = {isa = PBXFileReference; lastKnownFileType = sourcecode.swift; path = AppDelegate.swift; sourceTree = "<group>"; };
		468B47A02A98F2DB00169BE7 /* SceneDelegate.swift */ = {isa = PBXFileReference; lastKnownFileType = sourcecode.swift; path = SceneDelegate.swift; sourceTree = "<group>"; };
		468B47A22A98F2DB00169BE7 /* ViewController.swift */ = {isa = PBXFileReference; lastKnownFileType = sourcecode.swift; path = ViewController.swift; sourceTree = "<group>"; };
		468B47A52A98F2DB00169BE7 /* Base */ = {isa = PBXFileReference; lastKnownFileType = file.storyboard; name = Base; path = Base.lproj/Main.storyboard; sourceTree = "<group>"; };
		468B47A72A98F2DC00169BE7 /* Assets.xcassets */ = {isa = PBXFileReference; lastKnownFileType = folder.assetcatalog; path = Assets.xcassets; sourceTree = "<group>"; };
		468B47AA2A98F2DC00169BE7 /* Base */ = {isa = PBXFileReference; lastKnownFileType = file.storyboard; name = Base; path = Base.lproj/LaunchScreen.storyboard; sourceTree = "<group>"; };
		468B47AC2A98F2DC00169BE7 /* Info.plist */ = {isa = PBXFileReference; lastKnownFileType = text.plist.xml; path = Info.plist; sourceTree = "<group>"; };
		468B47B22A98F2E700169BE7 /* AppCommonServices.entitlements */ = {isa = PBXFileReference; lastKnownFileType = text.plist.entitlements; path = AppCommonServices.entitlements; sourceTree = "<group>"; };
		46B67F1B2A9A29E2006607A3 /* GoogleService-Info.plist */ = {isa = PBXFileReference; fileEncoding = 4; lastKnownFileType = text.plist.xml; path = "GoogleService-Info.plist"; sourceTree = "<group>"; };
		46B67F232A9A3AF8006607A3 /* BeachViewController.swift */ = {isa = PBXFileReference; fileEncoding = 4; lastKnownFileType = sourcecode.swift; path = BeachViewController.swift; sourceTree = "<group>"; };
		46B67F252A9A63BF006607A3 /* Notification.swift */ = {isa = PBXFileReference; lastKnownFileType = sourcecode.swift; path = Notification.swift; sourceTree = "<group>"; };
/* End PBXFileReference section */

/* Begin PBXFrameworksBuildPhase section */
		468B47982A98F2DB00169BE7 /* Frameworks */ = {
			isa = PBXFrameworksBuildPhase;
			buildActionMask = 2147483647;
			files = (
				46B67F222A9A2BDA006607A3 /* FirebaseMessaging in Frameworks */,
			);
			runOnlyForDeploymentPostprocessing = 0;
		};
/* End PBXFrameworksBuildPhase section */

/* Begin PBXGroup section */
		468B47922A98F2DB00169BE7 = {
			isa = PBXGroup;
			children = (
				468B479D2A98F2DB00169BE7 /* AppCommonServices */,
				468B479C2A98F2DB00169BE7 /* Products */,
			);
			sourceTree = "<group>";
		};
		468B479C2A98F2DB00169BE7 /* Products */ = {
			isa = PBXGroup;
			children = (
				468B479B2A98F2DB00169BE7 /* AppCommonServices.app */,
			);
			name = Products;
			sourceTree = "<group>";
		};
		468B479D2A98F2DB00169BE7 /* AppCommonServices */ = {
			isa = PBXGroup;
			children = (
				468B47B22A98F2E700169BE7 /* AppCommonServices.entitlements */,
				468B479E2A98F2DB00169BE7 /* AppDelegate.swift */,
				46B67F252A9A63BF006607A3 /* Notification.swift */,
				468B47A02A98F2DB00169BE7 /* SceneDelegate.swift */,
				468B47A22A98F2DB00169BE7 /* ViewController.swift */,
				46B67F232A9A3AF8006607A3 /* BeachViewController.swift */,
				468B47A42A98F2DB00169BE7 /* Main.storyboard */,
				468B47A72A98F2DC00169BE7 /* Assets.xcassets */,
				468B47A92A98F2DC00169BE7 /* LaunchScreen.storyboard */,
				468B47AC2A98F2DC00169BE7 /* Info.plist */,
				46B67F1B2A9A29E2006607A3 /* GoogleService-Info.plist */,
			);
			path = AppCommonServices;
			sourceTree = "<group>";
		};
/* End PBXGroup section */

/* Begin PBXNativeTarget section */
		468B479A2A98F2DB00169BE7 /* AppCommonServices */ = {
			isa = PBXNativeTarget;
			buildConfigurationList = 468B47AF2A98F2DC00169BE7 /* Build configuration list for PBXNativeTarget "AppCommonServices" */;
			buildPhases = (
				468B47972A98F2DB00169BE7 /* Sources */,
				468B47982A98F2DB00169BE7 /* Frameworks */,
				468B47992A98F2DB00169BE7 /* Resources */,
			);
			buildRules = (
			);
			dependencies = (
			);
			name = AppCommonServices;
			packageProductDependencies = (
				46B67F212A9A2BDA006607A3 /* FirebaseMessaging */,
			);
			productName = AppCommonServices;
			productReference = 468B479B2A98F2DB00169BE7 /* AppCommonServices.app */;
			productType = "com.apple.product-type.application";
		};
/* End PBXNativeTarget section */

/* Begin PBXProject section */
		468B47932A98F2DB00169BE7 /* Project object */ = {
			isa = PBXProject;
			attributes = {
				BuildIndependentTargetsInParallel = 1;
				LastSwiftUpdateCheck = 1430;
				LastUpgradeCheck = 1430;
				TargetAttributes = {
					468B479A2A98F2DB00169BE7 = {
						CreatedOnToolsVersion = 14.3.1;
					};
				};
			};
			buildConfigurationList = 468B47962A98F2DB00169BE7 /* Build configuration list for PBXProject "AppCommonServices" */;
			compatibilityVersion = "Xcode 14.0";
			developmentRegion = en;
			hasScannedForEncodings = 0;
			knownRegions = (
				en,
				Base,
			);
			mainGroup = 468B47922A98F2DB00169BE7;
			packageReferences = (
				46B67F202A9A2BDA006607A3 /* XCRemoteSwiftPackageReference "firebase-ios-sdk" */,
			);
			productRefGroup = 468B479C2A98F2DB00169BE7 /* Products */;
			projectDirPath = "";
			projectRoot = "";
			targets = (
				468B479A2A98F2DB00169BE7 /* AppCommonServices */,
			);
		};
/* End PBXProject section */

/* Begin PBXResourcesBuildPhase section */
		468B47992A98F2DB00169BE7 /* Resources */ = {
			isa = PBXResourcesBuildPhase;
			buildActionMask = 2147483647;
			files = (
				468B47AB2A98F2DC00169BE7 /* LaunchScreen.storyboard in Resources */,
				46B67F1C2A9A29E2006607A3 /* GoogleService-Info.plist in Resources */,
				468B47A82A98F2DC00169BE7 /* Assets.xcassets in Resources */,
				468B47A62A98F2DB00169BE7 /* Main.storyboard in Resources */,
			);
			runOnlyForDeploymentPostprocessing = 0;
		};
/* End PBXResourcesBuildPhase section */

/* Begin PBXSourcesBuildPhase section */
		468B47972A98F2DB00169BE7 /* Sources */ = {
			isa = PBXSourcesBuildPhase;
			buildActionMask = 2147483647;
			files = (
				468B47A32A98F2DB00169BE7 /* ViewController.swift in Sources */,
				46B67F262A9A63BF006607A3 /* Notification.swift in Sources */,
				468B479F2A98F2DB00169BE7 /* AppDelegate.swift in Sources */,
				46B67F242A9A3AF8006607A3 /* BeachViewController.swift in Sources */,
				468B47A12A98F2DB00169BE7 /* SceneDelegate.swift in Sources */,
			);
			runOnlyForDeploymentPostprocessing = 0;
		};
/* End PBXSourcesBuildPhase section */

/* Begin PBXVariantGroup section */
		468B47A42A98F2DB00169BE7 /* Main.storyboard */ = {
			isa = PBXVariantGroup;
			children = (
				468B47A52A98F2DB00169BE7 /* Base */,
			);
			name = Main.storyboard;
			sourceTree = "<group>";
		};
		468B47A92A98F2DC00169BE7 /* LaunchScreen.storyboard */ = {
			isa = PBXVariantGroup;
			children = (
				468B47AA2A98F2DC00169BE7 /* Base */,
			);
			name = LaunchScreen.storyboard;
			sourceTree = "<group>";
		};
/* End PBXVariantGroup section */

/* Begin XCBuildConfiguration section */
		468B47AD2A98F2DC00169BE7 /* Debug */ = {
			isa = XCBuildConfiguration;
			buildSettings = {
				ALWAYS_SEARCH_USER_PATHS = NO;
				CLANG_ANALYZER_NONNULL = YES;
				CLANG_ANALYZER_NUMBER_OBJECT_CONVERSION = YES_AGGRESSIVE;
				CLANG_CXX_LANGUAGE_STANDARD = "gnu++20";
				CLANG_ENABLE_MODULES = YES;
				CLANG_ENABLE_OBJC_ARC = YES;
				CLANG_ENABLE_OBJC_WEAK = YES;
				CLANG_WARN_BLOCK_CAPTURE_AUTORELEASING = YES;
				CLANG_WARN_BOOL_CONVERSION = YES;
				CLANG_WARN_COMMA = YES;
				CLANG_WARN_CONSTANT_CONVERSION = YES;
				CLANG_WARN_DEPRECATED_OBJC_IMPLEMENTATIONS = YES;
				CLANG_WARN_DIRECT_OBJC_ISA_USAGE = YES_ERROR;
				CLANG_WARN_DOCUMENTATION_COMMENTS = YES;
				CLANG_WARN_EMPTY_BODY = YES;
				CLANG_WARN_ENUM_CONVERSION = YES;
				CLANG_WARN_INFINITE_RECURSION = YES;
				CLANG_WARN_INT_CONVERSION = YES;
				CLANG_WARN_NON_LITERAL_NULL_CONVERSION = YES;
				CLANG_WARN_OBJC_IMPLICIT_RETAIN_SELF = YES;
				CLANG_WARN_OBJC_LITERAL_CONVERSION = YES;
				CLANG_WARN_OBJC_ROOT_CLASS = YES_ERROR;
				CLANG_WARN_QUOTED_INCLUDE_IN_FRAMEWORK_HEADER = YES;
				CLANG_WARN_RANGE_LOOP_ANALYSIS = YES;
				CLANG_WARN_STRICT_PROTOTYPES = YES;
				CLANG_WARN_SUSPICIOUS_MOVE = YES;
				CLANG_WARN_UNGUARDED_AVAILABILITY = YES_AGGRESSIVE;
				CLANG_WARN_UNREACHABLE_CODE = YES;
				CLANG_WARN__DUPLICATE_METHOD_MATCH = YES;
				COPY_PHASE_STRIP = NO;
				DEBUG_INFORMATION_FORMAT = dwarf;
				ENABLE_STRICT_OBJC_MSGSEND = YES;
				ENABLE_TESTABILITY = YES;
				GCC_C_LANGUAGE_STANDARD = gnu11;
				GCC_DYNAMIC_NO_PIC = NO;
				GCC_NO_COMMON_BLOCKS = YES;
				GCC_OPTIMIZATION_LEVEL = 0;
				GCC_PREPROCESSOR_DEFINITIONS = (
					"DEBUG=1",
					"$(inherited)",
				);
				GCC_WARN_64_TO_32_BIT_CONVERSION = YES;
				GCC_WARN_ABOUT_RETURN_TYPE = YES_ERROR;
				GCC_WARN_UNDECLARED_SELECTOR = YES;
				GCC_WARN_UNINITIALIZED_AUTOS = YES_AGGRESSIVE;
				GCC_WARN_UNUSED_FUNCTION = YES;
				GCC_WARN_UNUSED_VARIABLE = YES;
				IPHONEOS_DEPLOYMENT_TARGET = 16.4;
				MTL_ENABLE_DEBUG_INFO = INCLUDE_SOURCE;
				MTL_FAST_MATH = YES;
				ONLY_ACTIVE_ARCH = YES;
				SDKROOT = iphoneos;
				SWIFT_ACTIVE_COMPILATION_CONDITIONS = DEBUG;
				SWIFT_OPTIMIZATION_LEVEL = "-Onone";
			};
			name = Debug;
		};
		468B47AE2A98F2DC00169BE7 /* Release */ = {
			isa = XCBuildConfiguration;
			buildSettings = {
				ALWAYS_SEARCH_USER_PATHS = NO;
				CLANG_ANALYZER_NONNULL = YES;
				CLANG_ANALYZER_NUMBER_OBJECT_CONVERSION = YES_AGGRESSIVE;
				CLANG_CXX_LANGUAGE_STANDARD = "gnu++20";
				CLANG_ENABLE_MODULES = YES;
				CLANG_ENABLE_OBJC_ARC = YES;
				CLANG_ENABLE_OBJC_WEAK = YES;
				CLANG_WARN_BLOCK_CAPTURE_AUTORELEASING = YES;
				CLANG_WARN_BOOL_CONVERSION = YES;
				CLANG_WARN_COMMA = YES;
				CLANG_WARN_CONSTANT_CONVERSION = YES;
				CLANG_WARN_DEPRECATED_OBJC_IMPLEMENTATIONS = YES;
				CLANG_WARN_DIRECT_OBJC_ISA_USAGE = YES_ERROR;
				CLANG_WARN_DOCUMENTATION_COMMENTS = YES;
				CLANG_WARN_EMPTY_BODY = YES;
				CLANG_WARN_ENUM_CONVERSION = YES;
				CLANG_WARN_INFINITE_RECURSION = YES;
				CLANG_WARN_INT_CONVERSION = YES;
				CLANG_WARN_NON_LITERAL_NULL_CONVERSION = YES;
				CLANG_WARN_OBJC_IMPLICIT_RETAIN_SELF = YES;
				CLANG_WARN_OBJC_LITERAL_CONVERSION = YES;
				CLANG_WARN_OBJC_ROOT_CLASS = YES_ERROR;
				CLANG_WARN_QUOTED_INCLUDE_IN_FRAMEWORK_HEADER = YES;
				CLANG_WARN_RANGE_LOOP_ANALYSIS = YES;
				CLANG_WARN_STRICT_PROTOTYPES = YES;
				CLANG_WARN_SUSPICIOUS_MOVE = YES;
				CLANG_WARN_UNGUARDED_AVAILABILITY = YES_AGGRESSIVE;
				CLANG_WARN_UNREACHABLE_CODE = YES;
				CLANG_WARN__DUPLICATE_METHOD_MATCH = YES;
				COPY_PHASE_STRIP = NO;
				DEBUG_INFORMATION_FORMAT = "dwarf-with-dsym";
				ENABLE_NS_ASSERTIONS = NO;
				ENABLE_STRICT_OBJC_MSGSEND = YES;
				GCC_C_LANGUAGE_STANDARD = gnu11;
				GCC_NO_COMMON_BLOCKS = YES;
				GCC_WARN_64_TO_32_BIT_CONVERSION = YES;
				GCC_WARN_ABOUT_RETURN_TYPE = YES_ERROR;
				GCC_WARN_UNDECLARED_SELECTOR = YES;
				GCC_WARN_UNINITIALIZED_AUTOS = YES_AGGRESSIVE;
				GCC_WARN_UNUSED_FUNCTION = YES;
				GCC_WARN_UNUSED_VARIABLE = YES;
				IPHONEOS_DEPLOYMENT_TARGET = 16.4;
				MTL_ENABLE_DEBUG_INFO = NO;
				MTL_FAST_MATH = YES;
				SDKROOT = iphoneos;
				SWIFT_COMPILATION_MODE = wholemodule;
				SWIFT_OPTIMIZATION_LEVEL = "-O";
				VALIDATE_PRODUCT = YES;
			};
			name = Release;
		};
		468B47B02A98F2DC00169BE7 /* Debug */ = {
			isa = XCBuildConfiguration;
			buildSettings = {
				ASSETCATALOG_COMPILER_APPICON_NAME = AppIcon;
				ASSETCATALOG_COMPILER_GLOBAL_ACCENT_COLOR_NAME = AccentColor;
				CODE_SIGN_ENTITLEMENTS = AppCommonServices/AppCommonServices.entitlements;
				CODE_SIGN_STYLE = Automatic;
				CURRENT_PROJECT_VERSION = 1;
				DEVELOPMENT_TEAM = HLB4K7V9AN;
				GENERATE_INFOPLIST_FILE = YES;
				INFOPLIST_FILE = AppCommonServices/Info.plist;
				INFOPLIST_KEY_UIApplicationSupportsIndirectInputEvents = YES;
				INFOPLIST_KEY_UILaunchStoryboardName = LaunchScreen;
				INFOPLIST_KEY_UIMainStoryboardFile = Main;
				INFOPLIST_KEY_UISupportedInterfaceOrientations_iPad = "UIInterfaceOrientationPortrait UIInterfaceOrientationPortraitUpsideDown UIInterfaceOrientationLandscapeLeft UIInterfaceOrientationLandscapeRight";
				INFOPLIST_KEY_UISupportedInterfaceOrientations_iPhone = "UIInterfaceOrientationPortrait UIInterfaceOrientationLandscapeLeft UIInterfaceOrientationLandscapeRight";
				LD_RUNPATH_SEARCH_PATHS = (
					"$(inherited)",
					"@executable_path/Frameworks",
				);
				MARKETING_VERSION = 1.0;
				PRODUCT_BUNDLE_IDENTIFIER = gosu1902.AppCommonServices;
				PRODUCT_NAME = "$(TARGET_NAME)";
				SWIFT_EMIT_LOC_STRINGS = YES;
				SWIFT_VERSION = 5.0;
				TARGETED_DEVICE_FAMILY = "1,2";
			};
			name = Debug;
		};
		468B47B12A98F2DC00169BE7 /* Release */ = {
			isa = XCBuildConfiguration;
			buildSettings = {
				ASSETCATALOG_COMPILER_APPICON_NAME = AppIcon;
				ASSETCATALOG_COMPILER_GLOBAL_ACCENT_COLOR_NAME = AccentColor;
				CODE_SIGN_ENTITLEMENTS = AppCommonServices/AppCommonServices.entitlements;
				CODE_SIGN_STYLE = Automatic;
				CURRENT_PROJECT_VERSION = 1;
				DEVELOPMENT_TEAM = HLB4K7V9AN;
				GENERATE_INFOPLIST_FILE = YES;
				INFOPLIST_FILE = AppCommonServices/Info.plist;
				INFOPLIST_KEY_UIApplicationSupportsIndirectInputEvents = YES;
				INFOPLIST_KEY_UILaunchStoryboardName = LaunchScreen;
				INFOPLIST_KEY_UIMainStoryboardFile = Main;
				INFOPLIST_KEY_UISupportedInterfaceOrientations_iPad = "UIInterfaceOrientationPortrait UIInterfaceOrientationPortraitUpsideDown UIInterfaceOrientationLandscapeLeft UIInterfaceOrientationLandscapeRight";
				INFOPLIST_KEY_UISupportedInterfaceOrientations_iPhone = "UIInterfaceOrientationPortrait UIInterfaceOrientationLandscapeLeft UIInterfaceOrientationLandscapeRight";
				LD_RUNPATH_SEARCH_PATHS = (
					"$(inherited)",
					"@executable_path/Frameworks",
				);
				MARKETING_VERSION = 1.0;
				PRODUCT_BUNDLE_IDENTIFIER = gosu1902.AppCommonServices;
				PRODUCT_NAME = "$(TARGET_NAME)";
				SWIFT_EMIT_LOC_STRINGS = YES;
				SWIFT_VERSION = 5.0;
				TARGETED_DEVICE_FAMILY = "1,2";
			};
			name = Release;
		};
/* End XCBuildConfiguration section */

/* Begin XCConfigurationList section */
		468B47962A98F2DB00169BE7 /* Build configuration list for PBXProject "AppCommonServices" */ = {
			isa = XCConfigurationList;
			buildConfigurations = (
				468B47AD2A98F2DC00169BE7 /* Debug */,
				468B47AE2A98F2DC00169BE7 /* Release */,
			);
			defaultConfigurationIsVisible = 0;
			defaultConfigurationName = Release;
		};
		468B47AF2A98F2DC00169BE7 /* Build configuration list for PBXNativeTarget "AppCommonServices" */ = {
			isa = XCConfigurationList;
			buildConfigurations = (
				468B47B02A98F2DC00169BE7 /* Debug */,
				468B47B12A98F2DC00169BE7 /* Release */,
			);
			defaultConfigurationIsVisible = 0;
			defaultConfigurationName = Release;
		};
/* End XCConfigurationList section */

/* Begin XCRemoteSwiftPackageReference section */
		46B67F202A9A2BDA006607A3 /* XCRemoteSwiftPackageReference "firebase-ios-sdk" */ = {
			isa = XCRemoteSwiftPackageReference;
			repositoryURL = "https://github.com/firebase/firebase-ios-sdk";
			requirement = {
				kind = upToNextMajorVersion;
				minimumVersion = 10.0.0;
			};
		};
/* End XCRemoteSwiftPackageReference section */

/* Begin XCSwiftPackageProductDependency section */
		46B67F212A9A2BDA006607A3 /* FirebaseMessaging */ = {
			isa = XCSwiftPackageProductDependency;
			package = 46B67F202A9A2BDA006607A3 /* XCRemoteSwiftPackageReference "firebase-ios-sdk" */;
			productName = FirebaseMessaging;
		};
/* End XCSwiftPackageProductDependency section */
	};
	rootObject = 468B47932A98F2DB00169BE7 /* Project object */;
}
