// !$*UTF8*$!
{
	archiveVersion = 1;
	classes = {
	};
	objectVersion = 56;
	objects = {

/* Begin PBXBuildFile section */
		468B479F2A98F2DB00169BE7 /* AppDelegate.swift in Sources */ = {isa = PBXBuildFile; fileRef = 468B479E2A98F2DB00169BE7 /* AppDelegate.swift */; };
		468B47A12A98F2DB00169BE7 /* SceneDelegate.swift in Sources */ = {isa = PBXBuildFile; fileRef = 468B47A02A98F2DB00169BE7 /* SceneDelegate.swift */; };
		468B47A62A98F2DB00169BE7 /* Main.storyboard in Resources */ = {isa = PBXBuildFile; fileRef = 468B47A42A98F2DB00169BE7 /* Main.storyboard */; };
		468B47A82A98F2DC00169BE7 /* Assets.xcassets in Resources */ = {isa = PBXBuildFile; fileRef = 468B47A72A98F2DC00169BE7 /* Assets.xcassets */; };
		468B47AB2A98F2DC00169BE7 /* LaunchScreen.storyboard in Resources */ = {isa = PBXBuildFile; fileRef = 468B47A92A98F2DC00169BE7 /* LaunchScreen.storyboard */; };
		46A8B6232A9E2D9E002A6C62 /* PaymentView.swift in Sources */ = {isa = PBXBuildFile; fileRef = 46A8B6222A9E2D9E002A6C62 /* PaymentView.swift */; };
		46B67F1C2A9A29E2006607A3 /* GoogleService-Info.plist in Resources */ = {isa = PBXBuildFile; fileRef = 46B67F1B2A9A29E2006607A3 /* GoogleService-Info.plist */; };
		46B67F222A9A2BDA006607A3 /* FirebaseMessaging in Frameworks */ = {isa = PBXBuildFile; productRef = 46B67F212A9A2BDA006607A3 /* FirebaseMessaging */; };
		46B67F242A9A3AF8006607A3 /* BeachViewController.swift in Sources */ = {isa = PBXBuildFile; fileRef = 46B67F232A9A3AF8006607A3 /* BeachViewController.swift */; };
		46B67F262A9A63BF006607A3 /* Notification.swift in Sources */ = {isa = PBXBuildFile; fileRef = 46B67F252A9A63BF006607A3 /* Notification.swift */; };
		46CB794A2A9CDC81004E620D /* NotificationService.swift in Sources */ = {isa = PBXBuildFile; fileRef = 46CB79492A9CDC81004E620D /* NotificationService.swift */; };
		46CB794E2A9CDC81004E620D /* PayloadModification.appex in Embed Foundation Extensions */ = {isa = PBXBuildFile; fileRef = 46CB79472A9CDC81004E620D /* PayloadModification.appex */; settings = {ATTRIBUTES = (RemoveHeadersOnCopy, ); }; };
		46CB79562A9CEC57004E620D /* UserDefaults.swift in Sources */ = {isa = PBXBuildFile; fileRef = 46CB79552A9CEC57004E620D /* UserDefaults.swift */; };
		46CB79572A9CECE1004E620D /* UserDefaults.swift in Sources */ = {isa = PBXBuildFile; fileRef = 46CB79552A9CEC57004E620D /* UserDefaults.swift */; };
		46CB795F2A9CF0BE004E620D /* UserNotifications.framework in Frameworks */ = {isa = PBXBuildFile; fileRef = 46CB795E2A9CF0BE004E620D /* UserNotifications.framework */; };
		46CB79612A9CF0BE004E620D /* UserNotificationsUI.framework in Frameworks */ = {isa = PBXBuildFile; fileRef = 46CB79602A9CF0BE004E620D /* UserNotificationsUI.framework */; };
		46CB79642A9CF0BE004E620D /* NotificationViewController.swift in Sources */ = {isa = PBXBuildFile; fileRef = 46CB79632A9CF0BE004E620D /* NotificationViewController.swift */; };
		46CB79672A9CF0BE004E620D /* MainInterface.storyboard in Resources */ = {isa = PBXBuildFile; fileRef = 46CB79652A9CF0BE004E620D /* MainInterface.storyboard */; };
		46CB796B2A9CF0BE004E620D /* CustomNotificationUI.appex in Embed Foundation Extensions */ = {isa = PBXBuildFile; fileRef = 46CB795C2A9CF0BE004E620D /* CustomNotificationUI.appex */; settings = {ATTRIBUTES = (RemoveHeadersOnCopy, ); }; };
		46E815D12A9F7F5500BD4E51 /* SegueHandlerType.swift in Sources */ = {isa = PBXBuildFile; fileRef = 46E815CC2A9F7F5400BD4E51 /* SegueHandlerType.swift */; };
		46E815D22A9F7F5500BD4E51 /* TimeIntervalViewController.swift in Sources */ = {isa = PBXBuildFile; fileRef = 46E815CD2A9F7F5400BD4E51 /* TimeIntervalViewController.swift */; };
		46E815D32A9F7F5500BD4E51 /* ViewController.swift in Sources */ = {isa = PBXBuildFile; fileRef = 46E815CE2A9F7F5400BD4E51 /* ViewController.swift */; };
		46E815D42A9F7F5500BD4E51 /* NotificationScheduler.swift in Sources */ = {isa = PBXBuildFile; fileRef = 46E815CF2A9F7F5400BD4E51 /* NotificationScheduler.swift */; };
		46E815D52A9F7F5500BD4E51 /* CalendarViewController.swift in Sources */ = {isa = PBXBuildFile; fileRef = 46E815D02A9F7F5500BD4E51 /* CalendarViewController.swift */; };
		46E815DC2A9F7F6300BD4E51 /* LocationViewController.swift in Sources */ = {isa = PBXBuildFile; fileRef = 46E815D72A9F7F6300BD4E51 /* LocationViewController.swift */; };
		46E815DD2A9F7F6300BD4E51 /* LocationDetailsViewController.swift in Sources */ = {isa = PBXBuildFile; fileRef = 46E815D82A9F7F6300BD4E51 /* LocationDetailsViewController.swift */; };
		46E815DE2A9F7F6300BD4E51 /* UITextField+Ext.swift in Sources */ = {isa = PBXBuildFile; fileRef = 46E815DA2A9F7F6300BD4E51 /* UITextField+Ext.swift */; };
		46E815DF2A9F7F6300BD4E51 /* UIAlertController+Ext.swift in Sources */ = {isa = PBXBuildFile; fileRef = 46E815DB2A9F7F6300BD4E51 /* UIAlertController+Ext.swift */; };
/* End PBXBuildFile section */

/* Begin PBXContainerItemProxy section */
		46CB794C2A9CDC81004E620D /* PBXContainerItemProxy */ = {
			isa = PBXContainerItemProxy;
			containerPortal = 468B47932A98F2DB00169BE7 /* Project object */;
			proxyType = 1;
			remoteGlobalIDString = 46CB79462A9CDC81004E620D;
			remoteInfo = PayloadModification;
		};
		46CB79692A9CF0BE004E620D /* PBXContainerItemProxy */ = {
			isa = PBXContainerItemProxy;
			containerPortal = 468B47932A98F2DB00169BE7 /* Project object */;
			proxyType = 1;
			remoteGlobalIDString = 46CB795B2A9CF0BE004E620D;
			remoteInfo = CustomNotificationUI;
		};
/* End PBXContainerItemProxy section */

/* Begin PBXCopyFilesBuildPhase section */
		46CB794F2A9CDC81004E620D /* Embed Foundation Extensions */ = {
			isa = PBXCopyFilesBuildPhase;
			buildActionMask = 2147483647;
			dstPath = "";
			dstSubfolderSpec = 13;
			files = (
				46CB796B2A9CF0BE004E620D /* CustomNotificationUI.appex in Embed Foundation Extensions */,
				46CB794E2A9CDC81004E620D /* PayloadModification.appex in Embed Foundation Extensions */,
			);
			name = "Embed Foundation Extensions";
			runOnlyForDeploymentPostprocessing = 0;
		};
/* End PBXCopyFilesBuildPhase section */

/* Begin PBXFileReference section */
		468B479B2A98F2DB00169BE7 /* AppCommonServices.app */ = {isa = PBXFileReference; explicitFileType = wrapper.application; includeInIndex = 0; path = AppCommonServices.app; sourceTree = BUILT_PRODUCTS_DIR; };
		468B479E2A98F2DB00169BE7 /* AppDelegate.swift */ = {isa = PBXFileReference; lastKnownFileType = sourcecode.swift; path = AppDelegate.swift; sourceTree = "<group>"; };
		468B47A02A98F2DB00169BE7 /* SceneDelegate.swift */ = {isa = PBXFileReference; lastKnownFileType = sourcecode.swift; path = SceneDelegate.swift; sourceTree = "<group>"; };
		468B47A52A98F2DB00169BE7 /* Base */ = {isa = PBXFileReference; lastKnownFileType = file.storyboard; name = Base; path = Base.lproj/Main.storyboard; sourceTree = "<group>"; };
		468B47A72A98F2DC00169BE7 /* Assets.xcassets */ = {isa = PBXFileReference; lastKnownFileType = folder.assetcatalog; path = Assets.xcassets; sourceTree = "<group>"; };
		468B47AA2A98F2DC00169BE7 /* Base */ = {isa = PBXFileReference; lastKnownFileType = file.storyboard; name = Base; path = Base.lproj/LaunchScreen.storyboard; sourceTree = "<group>"; };
		468B47AC2A98F2DC00169BE7 /* Info.plist */ = {isa = PBXFileReference; lastKnownFileType = text.plist.xml; path = Info.plist; sourceTree = "<group>"; };
		468B47B22A98F2E700169BE7 /* AppCommonServices.entitlements */ = {isa = PBXFileReference; lastKnownFileType = text.plist.entitlements; path = AppCommonServices.entitlements; sourceTree = "<group>"; };
		46A8B6222A9E2D9E002A6C62 /* PaymentView.swift */ = {isa = PBXFileReference; fileEncoding = 4; lastKnownFileType = sourcecode.swift; path = PaymentView.swift; sourceTree = "<group>"; };
		46B67F1B2A9A29E2006607A3 /* GoogleService-Info.plist */ = {isa = PBXFileReference; fileEncoding = 4; lastKnownFileType = text.plist.xml; path = "GoogleService-Info.plist"; sourceTree = "<group>"; };
		46B67F232A9A3AF8006607A3 /* BeachViewController.swift */ = {isa = PBXFileReference; fileEncoding = 4; lastKnownFileType = sourcecode.swift; path = BeachViewController.swift; sourceTree = "<group>"; };
		46B67F252A9A63BF006607A3 /* Notification.swift */ = {isa = PBXFileReference; lastKnownFileType = sourcecode.swift; path = Notification.swift; sourceTree = "<group>"; };
		46CB79472A9CDC81004E620D /* PayloadModification.appex */ = {isa = PBXFileReference; explicitFileType = "wrapper.app-extension"; includeInIndex = 0; path = PayloadModification.appex; sourceTree = BUILT_PRODUCTS_DIR; };
		46CB79492A9CDC81004E620D /* NotificationService.swift */ = {isa = PBXFileReference; lastKnownFileType = sourcecode.swift; path = NotificationService.swift; sourceTree = "<group>"; };
		46CB794B2A9CDC81004E620D /* Info.plist */ = {isa = PBXFileReference; lastKnownFileType = text.plist.xml; path = Info.plist; sourceTree = "<group>"; };
		46CB79542A9CEB68004E620D /* PayloadModification.entitlements */ = {isa = PBXFileReference; lastKnownFileType = text.plist.entitlements; path = PayloadModification.entitlements; sourceTree = "<group>"; };
		46CB79552A9CEC57004E620D /* UserDefaults.swift */ = {isa = PBXFileReference; lastKnownFileType = sourcecode.swift; path = UserDefaults.swift; sourceTree = "<group>"; };
		46CB795C2A9CF0BE004E620D /* CustomNotificationUI.appex */ = {isa = PBXFileReference; explicitFileType = "wrapper.app-extension"; includeInIndex = 0; path = CustomNotificationUI.appex; sourceTree = BUILT_PRODUCTS_DIR; };
		46CB795E2A9CF0BE004E620D /* UserNotifications.framework */ = {isa = PBXFileReference; lastKnownFileType = wrapper.framework; name = UserNotifications.framework; path = System/Library/Frameworks/UserNotifications.framework; sourceTree = SDKROOT; };
		46CB79602A9CF0BE004E620D /* UserNotificationsUI.framework */ = {isa = PBXFileReference; lastKnownFileType = wrapper.framework; name = UserNotificationsUI.framework; path = System/Library/Frameworks/UserNotificationsUI.framework; sourceTree = SDKROOT; };
		46CB79632A9CF0BE004E620D /* NotificationViewController.swift */ = {isa = PBXFileReference; lastKnownFileType = sourcecode.swift; path = NotificationViewController.swift; sourceTree = "<group>"; };
		46CB79662A9CF0BE004E620D /* Base */ = {isa = PBXFileReference; lastKnownFileType = file.storyboard; name = Base; path = Base.lproj/MainInterface.storyboard; sourceTree = "<group>"; };
		46CB79682A9CF0BE004E620D /* Info.plist */ = {isa = PBXFileReference; lastKnownFileType = text.plist.xml; path = Info.plist; sourceTree = "<group>"; };
		46E815CC2A9F7F5400BD4E51 /* SegueHandlerType.swift */ = {isa = PBXFileReference; fileEncoding = 4; lastKnownFileType = sourcecode.swift; path = SegueHandlerType.swift; sourceTree = "<group>"; };
		46E815CD2A9F7F5400BD4E51 /* TimeIntervalViewController.swift */ = {isa = PBXFileReference; fileEncoding = 4; lastKnownFileType = sourcecode.swift; path = TimeIntervalViewController.swift; sourceTree = "<group>"; };
		46E815CE2A9F7F5400BD4E51 /* ViewController.swift */ = {isa = PBXFileReference; fileEncoding = 4; lastKnownFileType = sourcecode.swift; path = ViewController.swift; sourceTree = "<group>"; };
		46E815CF2A9F7F5400BD4E51 /* NotificationScheduler.swift */ = {isa = PBXFileReference; fileEncoding = 4; lastKnownFileType = sourcecode.swift; path = NotificationScheduler.swift; sourceTree = "<group>"; };
		46E815D02A9F7F5500BD4E51 /* CalendarViewController.swift */ = {isa = PBXFileReference; fileEncoding = 4; lastKnownFileType = sourcecode.swift; path = CalendarViewController.swift; sourceTree = "<group>"; };
		46E815D72A9F7F6300BD4E51 /* LocationViewController.swift */ = {isa = PBXFileReference; fileEncoding = 4; lastKnownFileType = sourcecode.swift; path = LocationViewController.swift; sourceTree = "<group>"; };
		46E815D82A9F7F6300BD4E51 /* LocationDetailsViewController.swift */ = {isa = PBXFileReference; fileEncoding = 4; lastKnownFileType = sourcecode.swift; path = LocationDetailsViewController.swift; sourceTree = "<group>"; };
		46E815DA2A9F7F6300BD4E51 /* UITextField+Ext.swift */ = {isa = PBXFileReference; fileEncoding = 4; lastKnownFileType = sourcecode.swift; path = "UITextField+Ext.swift"; sourceTree = "<group>"; };
		46E815DB2A9F7F6300BD4E51 /* UIAlertController+Ext.swift */ = {isa = PBXFileReference; fileEncoding = 4; lastKnownFileType = sourcecode.swift; path = "UIAlertController+Ext.swift"; sourceTree = "<group>"; };
/* End PBXFileReference section */

/* Begin PBXFrameworksBuildPhase section */
		468B47982A98F2DB00169BE7 /* Frameworks */ = {
			isa = PBXFrameworksBuildPhase;
			buildActionMask = 2147483647;
			files = (
				46B67F222A9A2BDA006607A3 /* FirebaseMessaging in Frameworks */,
			);
			runOnlyForDeploymentPostprocessing = 0;
		};
		46CB79442A9CDC81004E620D /* Frameworks */ = {
			isa = PBXFrameworksBuildPhase;
			buildActionMask = 2147483647;
			files = (
			);
			runOnlyForDeploymentPostprocessing = 0;
		};
		46CB79592A9CF0BE004E620D /* Frameworks */ = {
			isa = PBXFrameworksBuildPhase;
			buildActionMask = 2147483647;
			files = (
				46CB79612A9CF0BE004E620D /* UserNotificationsUI.framework in Frameworks */,
				46CB795F2A9CF0BE004E620D /* UserNotifications.framework in Frameworks */,
			);
			runOnlyForDeploymentPostprocessing = 0;
		};
/* End PBXFrameworksBuildPhase section */

/* Begin PBXGroup section */
		468B47922A98F2DB00169BE7 = {
			isa = PBXGroup;
			children = (
				468B479D2A98F2DB00169BE7 /* AppCommonServices */,
				46CB79482A9CDC81004E620D /* PayloadModification */,
				46CB79622A9CF0BE004E620D /* CustomNotificationUI */,
				46CB795D2A9CF0BE004E620D /* Frameworks */,
				468B479C2A98F2DB00169BE7 /* Products */,
			);
			sourceTree = "<group>";
		};
		468B479C2A98F2DB00169BE7 /* Products */ = {
			isa = PBXGroup;
			children = (
				468B479B2A98F2DB00169BE7 /* AppCommonServices.app */,
				46CB79472A9CDC81004E620D /* PayloadModification.appex */,
				46CB795C2A9CF0BE004E620D /* CustomNotificationUI.appex */,
			);
			name = Products;
			sourceTree = "<group>";
		};
		468B479D2A98F2DB00169BE7 /* AppCommonServices */ = {
			isa = PBXGroup;
			children = (
				468B47B22A98F2E700169BE7 /* AppCommonServices.entitlements */,
				468B479E2A98F2DB00169BE7 /* AppDelegate.swift */,
				46B67F252A9A63BF006607A3 /* Notification.swift */,
				468B47A02A98F2DB00169BE7 /* SceneDelegate.swift */,
				46E815D92A9F7F6300BD4E51 /* Extensions */,
				46E815D62A9F7F6300BD4E51 /* Location */,
				46CB79552A9CEC57004E620D /* UserDefaults.swift */,
				46B67F232A9A3AF8006607A3 /* BeachViewController.swift */,
				46E815D02A9F7F5500BD4E51 /* CalendarViewController.swift */,
				46E815CF2A9F7F5400BD4E51 /* NotificationScheduler.swift */,
				46E815CC2A9F7F5400BD4E51 /* SegueHandlerType.swift */,
				46E815CD2A9F7F5400BD4E51 /* TimeIntervalViewController.swift */,
				46E815CE2A9F7F5400BD4E51 /* ViewController.swift */,
				468B47A42A98F2DB00169BE7 /* Main.storyboard */,
				468B47A72A98F2DC00169BE7 /* Assets.xcassets */,
				468B47A92A98F2DC00169BE7 /* LaunchScreen.storyboard */,
				468B47AC2A98F2DC00169BE7 /* Info.plist */,
				46B67F1B2A9A29E2006607A3 /* GoogleService-Info.plist */,
			);
			path = AppCommonServices;
			sourceTree = "<group>";
		};
		46CB79482A9CDC81004E620D /* PayloadModification */ = {
			isa = PBXGroup;
			children = (
				46CB79542A9CEB68004E620D /* PayloadModification.entitlements */,
				46CB79492A9CDC81004E620D /* NotificationService.swift */,
				46CB794B2A9CDC81004E620D /* Info.plist */,
			);
			path = PayloadModification;
			sourceTree = "<group>";
		};
		46CB795D2A9CF0BE004E620D /* Frameworks */ = {
			isa = PBXGroup;
			children = (
				46CB795E2A9CF0BE004E620D /* UserNotifications.framework */,
				46CB79602A9CF0BE004E620D /* UserNotificationsUI.framework */,
			);
			name = Frameworks;
			sourceTree = "<group>";
		};
		46CB79622A9CF0BE004E620D /* CustomNotificationUI */ = {
			isa = PBXGroup;
			children = (
				46A8B6222A9E2D9E002A6C62 /* PaymentView.swift */,
				46CB79632A9CF0BE004E620D /* NotificationViewController.swift */,
				46CB79652A9CF0BE004E620D /* MainInterface.storyboard */,
				46CB79682A9CF0BE004E620D /* Info.plist */,
			);
			path = CustomNotificationUI;
			sourceTree = "<group>";
		};
		46E815D62A9F7F6300BD4E51 /* Location */ = {
			isa = PBXGroup;
			children = (
				46E815D72A9F7F6300BD4E51 /* LocationViewController.swift */,
				46E815D82A9F7F6300BD4E51 /* LocationDetailsViewController.swift */,
			);
			path = Location;
			sourceTree = "<group>";
		};
		46E815D92A9F7F6300BD4E51 /* Extensions */ = {
			isa = PBXGroup;
			children = (
				46E815DA2A9F7F6300BD4E51 /* UITextField+Ext.swift */,
				46E815DB2A9F7F6300BD4E51 /* UIAlertController+Ext.swift */,
			);
			path = Extensions;
			sourceTree = "<group>";
		};
/* End PBXGroup section */

/* Begin PBXNativeTarget section */
		468B479A2A98F2DB00169BE7 /* AppCommonServices */ = {
			isa = PBXNativeTarget;
			buildConfigurationList = 468B47AF2A98F2DC00169BE7 /* Build configuration list for PBXNativeTarget "AppCommonServices" */;
			buildPhases = (
				468B47972A98F2DB00169BE7 /* Sources */,
				468B47982A98F2DB00169BE7 /* Frameworks */,
				468B47992A98F2DB00169BE7 /* Resources */,
				46CB794F2A9CDC81004E620D /* Embed Foundation Extensions */,
			);
			buildRules = (
			);
			dependencies = (
				46CB794D2A9CDC81004E620D /* PBXTargetDependency */,
				46CB796A2A9CF0BE004E620D /* PBXTargetDependency */,
			);
			name = AppCommonServices;
			packageProductDependencies = (
				46B67F212A9A2BDA006607A3 /* FirebaseMessaging */,
			);
			productName = AppCommonServices;
			productReference = 468B479B2A98F2DB00169BE7 /* AppCommonServices.app */;
			productType = "com.apple.product-type.application";
		};
		46CB79462A9CDC81004E620D /* PayloadModification */ = {
			isa = PBXNativeTarget;
			buildConfigurationList = 46CB79522A9CDC81004E620D /* Build configuration list for PBXNativeTarget "PayloadModification" */;
			buildPhases = (
				46CB79432A9CDC81004E620D /* Sources */,
				46CB79442A9CDC81004E620D /* Frameworks */,
				46CB79452A9CDC81004E620D /* Resources */,
			);
			buildRules = (
			);
			dependencies = (
			);
			name = PayloadModification;
			productName = PayloadModification;
			productReference = 46CB79472A9CDC81004E620D /* PayloadModification.appex */;
			productType = "com.apple.product-type.app-extension";
		};
		46CB795B2A9CF0BE004E620D /* CustomNotificationUI */ = {
			isa = PBXNativeTarget;
			buildConfigurationList = 46CB796C2A9CF0BE004E620D /* Build configuration list for PBXNativeTarget "CustomNotificationUI" */;
			buildPhases = (
				46CB79582A9CF0BE004E620D /* Sources */,
				46CB79592A9CF0BE004E620D /* Frameworks */,
				46CB795A2A9CF0BE004E620D /* Resources */,
			);
			buildRules = (
			);
			dependencies = (
			);
			name = CustomNotificationUI;
			productName = CustomNotificationUI;
			productReference = 46CB795C2A9CF0BE004E620D /* CustomNotificationUI.appex */;
			productType = "com.apple.product-type.app-extension";
		};
/* End PBXNativeTarget section */

/* Begin PBXProject section */
		468B47932A98F2DB00169BE7 /* Project object */ = {
			isa = PBXProject;
			attributes = {
				BuildIndependentTargetsInParallel = 1;
				LastSwiftUpdateCheck = 1430;
				LastUpgradeCheck = 1430;
				TargetAttributes = {
					468B479A2A98F2DB00169BE7 = {
						CreatedOnToolsVersion = 14.3.1;
					};
					46CB79462A9CDC81004E620D = {
						CreatedOnToolsVersion = 14.3.1;
					};
					46CB795B2A9CF0BE004E620D = {
						CreatedOnToolsVersion = 14.3.1;
					};
				};
			};
			buildConfigurationList = 468B47962A98F2DB00169BE7 /* Build configuration list for PBXProject "AppCommonServices" */;
			compatibilityVersion = "Xcode 14.0";
			developmentRegion = en;
			hasScannedForEncodings = 0;
			knownRegions = (
				en,
				Base,
			);
			mainGroup = 468B47922A98F2DB00169BE7;
			packageReferences = (
				46B67F202A9A2BDA006607A3 /* XCRemoteSwiftPackageReference "firebase-ios-sdk" */,
			);
			productRefGroup = 468B479C2A98F2DB00169BE7 /* Products */;
			projectDirPath = "";
			projectRoot = "";
			targets = (
				468B479A2A98F2DB00169BE7 /* AppCommonServices */,
				46CB79462A9CDC81004E620D /* PayloadModification */,
				46CB795B2A9CF0BE004E620D /* CustomNotificationUI */,
			);
		};
/* End PBXProject section */

/* Begin PBXResourcesBuildPhase section */
		468B47992A98F2DB00169BE7 /* Resources */ = {
			isa = PBXResourcesBuildPhase;
			buildActionMask = 2147483647;
			files = (
				468B47AB2A98F2DC00169BE7 /* LaunchScreen.storyboard in Resources */,
				46B67F1C2A9A29E2006607A3 /* GoogleService-Info.plist in Resources */,
				468B47A82A98F2DC00169BE7 /* Assets.xcassets in Resources */,
				468B47A62A98F2DB00169BE7 /* Main.storyboard in Resources */,
			);
			runOnlyForDeploymentPostprocessing = 0;
		};
		46CB79452A9CDC81004E620D /* Resources */ = {
			isa = PBXResourcesBuildPhase;
			buildActionMask = 2147483647;
			files = (
			);
			runOnlyForDeploymentPostprocessing = 0;
		};
		46CB795A2A9CF0BE004E620D /* Resources */ = {
			isa = PBXResourcesBuildPhase;
			buildActionMask = 2147483647;
			files = (
				46CB79672A9CF0BE004E620D /* MainInterface.storyboard in Resources */,
			);
			runOnlyForDeploymentPostprocessing = 0;
		};
/* End PBXResourcesBuildPhase section */

/* Begin PBXSourcesBuildPhase section */
		468B47972A98F2DB00169BE7 /* Sources */ = {
			isa = PBXSourcesBuildPhase;
			buildActionMask = 2147483647;
			files = (
				46E815DD2A9F7F6300BD4E51 /* LocationDetailsViewController.swift in Sources */,
				46E815D52A9F7F5500BD4E51 /* CalendarViewController.swift in Sources */,
				46E815D22A9F7F5500BD4E51 /* TimeIntervalViewController.swift in Sources */,
				46B67F262A9A63BF006607A3 /* Notification.swift in Sources */,
				46CB79562A9CEC57004E620D /* UserDefaults.swift in Sources */,
				468B479F2A98F2DB00169BE7 /* AppDelegate.swift in Sources */,
				46E815DE2A9F7F6300BD4E51 /* UITextField+Ext.swift in Sources */,
				46E815DC2A9F7F6300BD4E51 /* LocationViewController.swift in Sources */,
				46E815DF2A9F7F6300BD4E51 /* UIAlertController+Ext.swift in Sources */,
				46E815D42A9F7F5500BD4E51 /* NotificationScheduler.swift in Sources */,
				46B67F242A9A3AF8006607A3 /* BeachViewController.swift in Sources */,
				46E815D12A9F7F5500BD4E51 /* SegueHandlerType.swift in Sources */,
				46E815D32A9F7F5500BD4E51 /* ViewController.swift in Sources */,
				468B47A12A98F2DB00169BE7 /* SceneDelegate.swift in Sources */,
			);
			runOnlyForDeploymentPostprocessing = 0;
		};
		46CB79432A9CDC81004E620D /* Sources */ = {
			isa = PBXSourcesBuildPhase;
			buildActionMask = 2147483647;
			files = (
				46CB79572A9CECE1004E620D /* UserDefaults.swift in Sources */,
				46CB794A2A9CDC81004E620D /* NotificationService.swift in Sources */,
			);
			runOnlyForDeploymentPostprocessing = 0;
		};
		46CB79582A9CF0BE004E620D /* Sources */ = {
			isa = PBXSourcesBuildPhase;
			buildActionMask = 2147483647;
			files = (
				46CB79642A9CF0BE004E620D /* NotificationViewController.swift in Sources */,
				46A8B6232A9E2D9E002A6C62 /* PaymentView.swift in Sources */,
			);
			runOnlyForDeploymentPostprocessing = 0;
		};
/* End PBXSourcesBuildPhase section */

/* Begin PBXTargetDependency section */
		46CB794D2A9CDC81004E620D /* PBXTargetDependency */ = {
			isa = PBXTargetDependency;
			target = 46CB79462A9CDC81004E620D /* PayloadModification */;
			targetProxy = 46CB794C2A9CDC81004E620D /* PBXContainerItemProxy */;
		};
		46CB796A2A9CF0BE004E620D /* PBXTargetDependency */ = {
			isa = PBXTargetDependency;
			target = 46CB795B2A9CF0BE004E620D /* CustomNotificationUI */;
			targetProxy = 46CB79692A9CF0BE004E620D /* PBXContainerItemProxy */;
		};
/* End PBXTargetDependency section */

/* Begin PBXVariantGroup section */
		468B47A42A98F2DB00169BE7 /* Main.storyboard */ = {
			isa = PBXVariantGroup;
			children = (
				468B47A52A98F2DB00169BE7 /* Base */,
			);
			name = Main.storyboard;
			sourceTree = "<group>";
		};
		468B47A92A98F2DC00169BE7 /* LaunchScreen.storyboard */ = {
			isa = PBXVariantGroup;
			children = (
				468B47AA2A98F2DC00169BE7 /* Base */,
			);
			name = LaunchScreen.storyboard;
			sourceTree = "<group>";
		};
		46CB79652A9CF0BE004E620D /* MainInterface.storyboard */ = {
			isa = PBXVariantGroup;
			children = (
				46CB79662A9CF0BE004E620D /* Base */,
			);
			name = MainInterface.storyboard;
			sourceTree = "<group>";
		};
/* End PBXVariantGroup section */

/* Begin XCBuildConfiguration section */
		468B47AD2A98F2DC00169BE7 /* Debug */ = {
			isa = XCBuildConfiguration;
			buildSettings = {
				ALWAYS_SEARCH_USER_PATHS = NO;
				CLANG_ANALYZER_NONNULL = YES;
				CLANG_ANALYZER_NUMBER_OBJECT_CONVERSION = YES_AGGRESSIVE;
				CLANG_CXX_LANGUAGE_STANDARD = "gnu++20";
				CLANG_ENABLE_MODULES = YES;
				CLANG_ENABLE_OBJC_ARC = YES;
				CLANG_ENABLE_OBJC_WEAK = YES;
				CLANG_WARN_BLOCK_CAPTURE_AUTORELEASING = YES;
				CLANG_WARN_BOOL_CONVERSION = YES;
				CLANG_WARN_COMMA = YES;
				CLANG_WARN_CONSTANT_CONVERSION = YES;
				CLANG_WARN_DEPRECATED_OBJC_IMPLEMENTATIONS = YES;
				CLANG_WARN_DIRECT_OBJC_ISA_USAGE = YES_ERROR;
				CLANG_WARN_DOCUMENTATION_COMMENTS = YES;
				CLANG_WARN_EMPTY_BODY = YES;
				CLANG_WARN_ENUM_CONVERSION = YES;
				CLANG_WARN_INFINITE_RECURSION = YES;
				CLANG_WARN_INT_CONVERSION = YES;
				CLANG_WARN_NON_LITERAL_NULL_CONVERSION = YES;
				CLANG_WARN_OBJC_IMPLICIT_RETAIN_SELF = YES;
				CLANG_WARN_OBJC_LITERAL_CONVERSION = YES;
				CLANG_WARN_OBJC_ROOT_CLASS = YES_ERROR;
				CLANG_WARN_QUOTED_INCLUDE_IN_FRAMEWORK_HEADER = YES;
				CLANG_WARN_RANGE_LOOP_ANALYSIS = YES;
				CLANG_WARN_STRICT_PROTOTYPES = YES;
				CLANG_WARN_SUSPICIOUS_MOVE = YES;
				CLANG_WARN_UNGUARDED_AVAILABILITY = YES_AGGRESSIVE;
				CLANG_WARN_UNREACHABLE_CODE = YES;
				CLANG_WARN__DUPLICATE_METHOD_MATCH = YES;
				COPY_PHASE_STRIP = NO;
				DEBUG_INFORMATION_FORMAT = dwarf;
				ENABLE_STRICT_OBJC_MSGSEND = YES;
				ENABLE_TESTABILITY = YES;
				GCC_C_LANGUAGE_STANDARD = gnu11;
				GCC_DYNAMIC_NO_PIC = NO;
				GCC_NO_COMMON_BLOCKS = YES;
				GCC_OPTIMIZATION_LEVEL = 0;
				GCC_PREPROCESSOR_DEFINITIONS = (
					"DEBUG=1",
					"$(inherited)",
				);
				GCC_WARN_64_TO_32_BIT_CONVERSION = YES;
				GCC_WARN_ABOUT_RETURN_TYPE = YES_ERROR;
				GCC_WARN_UNDECLARED_SELECTOR = YES;
				GCC_WARN_UNINITIALIZED_AUTOS = YES_AGGRESSIVE;
				GCC_WARN_UNUSED_FUNCTION = YES;
				GCC_WARN_UNUSED_VARIABLE = YES;
				IPHONEOS_DEPLOYMENT_TARGET = 16.4;
				MTL_ENABLE_DEBUG_INFO = INCLUDE_SOURCE;
				MTL_FAST_MATH = YES;
				ONLY_ACTIVE_ARCH = YES;
				SDKROOT = iphoneos;
				SWIFT_ACTIVE_COMPILATION_CONDITIONS = DEBUG;
				SWIFT_OPTIMIZATION_LEVEL = "-Onone";
			};
			name = Debug;
		};
		468B47AE2A98F2DC00169BE7 /* Release */ = {
			isa = XCBuildConfiguration;
			buildSettings = {
				ALWAYS_SEARCH_USER_PATHS = NO;
				CLANG_ANALYZER_NONNULL = YES;
				CLANG_ANALYZER_NUMBER_OBJECT_CONVERSION = YES_AGGRESSIVE;
				CLANG_CXX_LANGUAGE_STANDARD = "gnu++20";
				CLANG_ENABLE_MODULES = YES;
				CLANG_ENABLE_OBJC_ARC = YES;
				CLANG_ENABLE_OBJC_WEAK = YES;
				CLANG_WARN_BLOCK_CAPTURE_AUTORELEASING = YES;
				CLANG_WARN_BOOL_CONVERSION = YES;
				CLANG_WARN_COMMA = YES;
				CLANG_WARN_CONSTANT_CONVERSION = YES;
				CLANG_WARN_DEPRECATED_OBJC_IMPLEMENTATIONS = YES;
				CLANG_WARN_DIRECT_OBJC_ISA_USAGE = YES_ERROR;
				CLANG_WARN_DOCUMENTATION_COMMENTS = YES;
				CLANG_WARN_EMPTY_BODY = YES;
				CLANG_WARN_ENUM_CONVERSION = YES;
				CLANG_WARN_INFINITE_RECURSION = YES;
				CLANG_WARN_INT_CONVERSION = YES;
				CLANG_WARN_NON_LITERAL_NULL_CONVERSION = YES;
				CLANG_WARN_OBJC_IMPLICIT_RETAIN_SELF = YES;
				CLANG_WARN_OBJC_LITERAL_CONVERSION = YES;
				CLANG_WARN_OBJC_ROOT_CLASS = YES_ERROR;
				CLANG_WARN_QUOTED_INCLUDE_IN_FRAMEWORK_HEADER = YES;
				CLANG_WARN_RANGE_LOOP_ANALYSIS = YES;
				CLANG_WARN_STRICT_PROTOTYPES = YES;
				CLANG_WARN_SUSPICIOUS_MOVE = YES;
				CLANG_WARN_UNGUARDED_AVAILABILITY = YES_AGGRESSIVE;
				CLANG_WARN_UNREACHABLE_CODE = YES;
				CLANG_WARN__DUPLICATE_METHOD_MATCH = YES;
				COPY_PHASE_STRIP = NO;
				DEBUG_INFORMATION_FORMAT = "dwarf-with-dsym";
				ENABLE_NS_ASSERTIONS = NO;
				ENABLE_STRICT_OBJC_MSGSEND = YES;
				GCC_C_LANGUAGE_STANDARD = gnu11;
				GCC_NO_COMMON_BLOCKS = YES;
				GCC_WARN_64_TO_32_BIT_CONVERSION = YES;
				GCC_WARN_ABOUT_RETURN_TYPE = YES_ERROR;
				GCC_WARN_UNDECLARED_SELECTOR = YES;
				GCC_WARN_UNINITIALIZED_AUTOS = YES_AGGRESSIVE;
				GCC_WARN_UNUSED_FUNCTION = YES;
				GCC_WARN_UNUSED_VARIABLE = YES;
				IPHONEOS_DEPLOYMENT_TARGET = 16.4;
				MTL_ENABLE_DEBUG_INFO = NO;
				MTL_FAST_MATH = YES;
				SDKROOT = iphoneos;
				SWIFT_COMPILATION_MODE = wholemodule;
				SWIFT_OPTIMIZATION_LEVEL = "-O";
				VALIDATE_PRODUCT = YES;
			};
			name = Release;
		};
		468B47B02A98F2DC00169BE7 /* Debug */ = {
			isa = XCBuildConfiguration;
			buildSettings = {
				ALWAYS_EMBED_SWIFT_STANDARD_LIBRARIES = YES;
				ASSETCATALOG_COMPILER_APPICON_NAME = AppIcon;
				ASSETCATALOG_COMPILER_GLOBAL_ACCENT_COLOR_NAME = AccentColor;
				CODE_SIGN_ENTITLEMENTS = AppCommonServices/AppCommonServices.entitlements;
				CODE_SIGN_STYLE = Automatic;
				CURRENT_PROJECT_VERSION = 1;
				DEVELOPMENT_TEAM = HLB4K7V9AN;
				GENERATE_INFOPLIST_FILE = YES;
				INFOPLIST_FILE = AppCommonServices/Info.plist;
				INFOPLIST_KEY_NSLocationWhenInUseUsageDescription = "Need your location";
				INFOPLIST_KEY_UIApplicationSupportsIndirectInputEvents = YES;
				INFOPLIST_KEY_UILaunchStoryboardName = LaunchScreen;
				INFOPLIST_KEY_UIMainStoryboardFile = Main;
				INFOPLIST_KEY_UISupportedInterfaceOrientations_iPad = "UIInterfaceOrientationPortrait UIInterfaceOrientationPortraitUpsideDown UIInterfaceOrientationLandscapeLeft UIInterfaceOrientationLandscapeRight";
				INFOPLIST_KEY_UISupportedInterfaceOrientations_iPhone = "UIInterfaceOrientationPortrait UIInterfaceOrientationLandscapeLeft UIInterfaceOrientationLandscapeRight";
				LD_RUNPATH_SEARCH_PATHS = (
					"$(inherited)",
					"@executable_path/Frameworks",
				);
				MARKETING_VERSION = 1.0;
				PRODUCT_BUNDLE_IDENTIFIER = gosu1902.AppCommonServices;
				PRODUCT_NAME = "$(TARGET_NAME)";
				SWIFT_EMIT_LOC_STRINGS = YES;
				SWIFT_VERSION = 5.0;
				TARGETED_DEVICE_FAMILY = "1,2";
			};
			name = Debug;
		};
		468B47B12A98F2DC00169BE7 /* Release */ = {
			isa = XCBuildConfiguration;
			buildSettings = {
				ALWAYS_EMBED_SWIFT_STANDARD_LIBRARIES = YES;
				ASSETCATALOG_COMPILER_APPICON_NAME = AppIcon;
				ASSETCATALOG_COMPILER_GLOBAL_ACCENT_COLOR_NAME = AccentColor;
				CODE_SIGN_ENTITLEMENTS = AppCommonServices/AppCommonServices.entitlements;
				CODE_SIGN_STYLE = Automatic;
				CURRENT_PROJECT_VERSION = 1;
				DEVELOPMENT_TEAM = HLB4K7V9AN;
				GENERATE_INFOPLIST_FILE = YES;
				INFOPLIST_FILE = AppCommonServices/Info.plist;
				INFOPLIST_KEY_NSLocationWhenInUseUsageDescription = "Need your location";
				INFOPLIST_KEY_UIApplicationSupportsIndirectInputEvents = YES;
				INFOPLIST_KEY_UILaunchStoryboardName = LaunchScreen;
				INFOPLIST_KEY_UIMainStoryboardFile = Main;
				INFOPLIST_KEY_UISupportedInterfaceOrientations_iPad = "UIInterfaceOrientationPortrait UIInterfaceOrientationPortraitUpsideDown UIInterfaceOrientationLandscapeLeft UIInterfaceOrientationLandscapeRight";
				INFOPLIST_KEY_UISupportedInterfaceOrientations_iPhone = "UIInterfaceOrientationPortrait UIInterfaceOrientationLandscapeLeft UIInterfaceOrientationLandscapeRight";
				LD_RUNPATH_SEARCH_PATHS = (
					"$(inherited)",
					"@executable_path/Frameworks",
				);
				MARKETING_VERSION = 1.0;
				PRODUCT_BUNDLE_IDENTIFIER = gosu1902.AppCommonServices;
				PRODUCT_NAME = "$(TARGET_NAME)";
				SWIFT_EMIT_LOC_STRINGS = YES;
				SWIFT_VERSION = 5.0;
				TARGETED_DEVICE_FAMILY = "1,2";
			};
			name = Release;
		};
		46CB79502A9CDC81004E620D /* Debug */ = {
			isa = XCBuildConfiguration;
			buildSettings = {
				CODE_SIGN_ENTITLEMENTS = PayloadModification/PayloadModification.entitlements;
				CODE_SIGN_STYLE = Automatic;
				CURRENT_PROJECT_VERSION = 1;
				DEVELOPMENT_TEAM = HLB4K7V9AN;
				GENERATE_INFOPLIST_FILE = YES;
				INFOPLIST_FILE = PayloadModification/Info.plist;
				INFOPLIST_KEY_CFBundleDisplayName = PayloadModification;
				INFOPLIST_KEY_NSHumanReadableCopyright = "";
				LD_RUNPATH_SEARCH_PATHS = (
					"$(inherited)",
					"@executable_path/Frameworks",
					"@executable_path/../../Frameworks",
				);
				MARKETING_VERSION = 1.0;
				PRODUCT_BUNDLE_IDENTIFIER = gosu1902.AppCommonServices.PayloadModification;
				PRODUCT_NAME = "$(TARGET_NAME)";
				SKIP_INSTALL = YES;
				SWIFT_EMIT_LOC_STRINGS = YES;
				SWIFT_VERSION = 5.0;
				TARGETED_DEVICE_FAMILY = "1,2";
			};
			name = Debug;
		};
		46CB79512A9CDC81004E620D /* Release */ = {
			isa = XCBuildConfiguration;
			buildSettings = {
				CODE_SIGN_ENTITLEMENTS = PayloadModification/PayloadModification.entitlements;
				CODE_SIGN_STYLE = Automatic;
				CURRENT_PROJECT_VERSION = 1;
				DEVELOPMENT_TEAM = HLB4K7V9AN;
				GENERATE_INFOPLIST_FILE = YES;
				INFOPLIST_FILE = PayloadModification/Info.plist;
				INFOPLIST_KEY_CFBundleDisplayName = PayloadModification;
				INFOPLIST_KEY_NSHumanReadableCopyright = "";
				LD_RUNPATH_SEARCH_PATHS = (
					"$(inherited)",
					"@executable_path/Frameworks",
					"@executable_path/../../Frameworks",
				);
				MARKETING_VERSION = 1.0;
				PRODUCT_BUNDLE_IDENTIFIER = gosu1902.AppCommonServices.PayloadModification;
				PRODUCT_NAME = "$(TARGET_NAME)";
				SKIP_INSTALL = YES;
				SWIFT_EMIT_LOC_STRINGS = YES;
				SWIFT_VERSION = 5.0;
				TARGETED_DEVICE_FAMILY = "1,2";
			};
			name = Release;
		};
		46CB796D2A9CF0BE004E620D /* Debug */ = {
			isa = XCBuildConfiguration;
			buildSettings = {
				CODE_SIGN_STYLE = Automatic;
				CURRENT_PROJECT_VERSION = 1;
				DEVELOPMENT_TEAM = HLB4K7V9AN;
				GENERATE_INFOPLIST_FILE = YES;
				INFOPLIST_FILE = CustomNotificationUI/Info.plist;
				INFOPLIST_KEY_CFBundleDisplayName = CustomNotificationUI;
				INFOPLIST_KEY_NSHumanReadableCopyright = "";
				LD_RUNPATH_SEARCH_PATHS = (
					"$(inherited)",
					"@executable_path/Frameworks",
					"@executable_path/../../Frameworks",
				);
				MARKETING_VERSION = 1.0;
				PRODUCT_BUNDLE_IDENTIFIER = gosu1902.AppCommonServices.CustomNotificationUI;
				PRODUCT_NAME = "$(TARGET_NAME)";
				SKIP_INSTALL = YES;
				SWIFT_EMIT_LOC_STRINGS = YES;
				SWIFT_VERSION = 5.0;
				TARGETED_DEVICE_FAMILY = "1,2";
			};
			name = Debug;
		};
		46CB796E2A9CF0BE004E620D /* Release */ = {
			isa = XCBuildConfiguration;
			buildSettings = {
				CODE_SIGN_STYLE = Automatic;
				CURRENT_PROJECT_VERSION = 1;
				DEVELOPMENT_TEAM = HLB4K7V9AN;
				GENERATE_INFOPLIST_FILE = YES;
				INFOPLIST_FILE = CustomNotificationUI/Info.plist;
				INFOPLIST_KEY_CFBundleDisplayName = CustomNotificationUI;
				INFOPLIST_KEY_NSHumanReadableCopyright = "";
				LD_RUNPATH_SEARCH_PATHS = (
					"$(inherited)",
					"@executable_path/Frameworks",
					"@executable_path/../../Frameworks",
				);
				MARKETING_VERSION = 1.0;
				PRODUCT_BUNDLE_IDENTIFIER = gosu1902.AppCommonServices.CustomNotificationUI;
				PRODUCT_NAME = "$(TARGET_NAME)";
				SKIP_INSTALL = YES;
				SWIFT_EMIT_LOC_STRINGS = YES;
				SWIFT_VERSION = 5.0;
				TARGETED_DEVICE_FAMILY = "1,2";
			};
			name = Release;
		};
/* End XCBuildConfiguration section */

/* Begin XCConfigurationList section */
		468B47962A98F2DB00169BE7 /* Build configuration list for PBXProject "AppCommonServices" */ = {
			isa = XCConfigurationList;
			buildConfigurations = (
				468B47AD2A98F2DC00169BE7 /* Debug */,
				468B47AE2A98F2DC00169BE7 /* Release */,
			);
			defaultConfigurationIsVisible = 0;
			defaultConfigurationName = Release;
		};
		468B47AF2A98F2DC00169BE7 /* Build configuration list for PBXNativeTarget "AppCommonServices" */ = {
			isa = XCConfigurationList;
			buildConfigurations = (
				468B47B02A98F2DC00169BE7 /* Debug */,
				468B47B12A98F2DC00169BE7 /* Release */,
			);
			defaultConfigurationIsVisible = 0;
			defaultConfigurationName = Release;
		};
		46CB79522A9CDC81004E620D /* Build configuration list for PBXNativeTarget "PayloadModification" */ = {
			isa = XCConfigurationList;
			buildConfigurations = (
				46CB79502A9CDC81004E620D /* Debug */,
				46CB79512A9CDC81004E620D /* Release */,
			);
			defaultConfigurationIsVisible = 0;
			defaultConfigurationName = Release;
		};
		46CB796C2A9CF0BE004E620D /* Build configuration list for PBXNativeTarget "CustomNotificationUI" */ = {
			isa = XCConfigurationList;
			buildConfigurations = (
				46CB796D2A9CF0BE004E620D /* Debug */,
				46CB796E2A9CF0BE004E620D /* Release */,
			);
			defaultConfigurationIsVisible = 0;
			defaultConfigurationName = Release;
		};
/* End XCConfigurationList section */

/* Begin XCRemoteSwiftPackageReference section */
		46B67F202A9A2BDA006607A3 /* XCRemoteSwiftPackageReference "firebase-ios-sdk" */ = {
			isa = XCRemoteSwiftPackageReference;
			repositoryURL = "https://github.com/firebase/firebase-ios-sdk";
			requirement = {
				kind = upToNextMajorVersion;
				minimumVersion = 10.0.0;
			};
		};
/* End XCRemoteSwiftPackageReference section */

/* Begin XCSwiftPackageProductDependency section */
		46B67F212A9A2BDA006607A3 /* FirebaseMessaging */ = {
			isa = XCSwiftPackageProductDependency;
			package = 46B67F202A9A2BDA006607A3 /* XCRemoteSwiftPackageReference "firebase-ios-sdk" */;
			productName = FirebaseMessaging;
		};
/* End XCSwiftPackageProductDependency section */
	};
	rootObject = 468B47932A98F2DB00169BE7 /* Project object */;
}
