// !$*UTF8*$!
{
	archiveVersion = 1;
	classes = {
	};
	objectVersion = 56;
	objects = {

/* Begin PBXBuildFile section */
		464EA2032AA822290059B338 /* UnifiedNativeAdView.xib in Resources */ = {isa = PBXBuildFile; fileRef = 464EA2022AA822290059B338 /* UnifiedNativeAdView.xib */; };
		464EA2062AA822D30059B338 /* FirebaseAnalytics in Frameworks */ = {isa = PBXBuildFile; productRef = 464EA2052AA822D30059B338 /* FirebaseAnalytics */; };
		464EA2082AA822D30059B338 /* FirebaseAnalyticsSwift in Frameworks */ = {isa = PBXBuildFile; productRef = 464EA2072AA822D30059B338 /* FirebaseAnalyticsSwift */; };
		464EA20A2AA822D30059B338 /* FirebaseAuth in Frameworks */ = {isa = PBXBuildFile; productRef = 464EA2092AA822D30059B338 /* FirebaseAuth */; };
		464EA20C2AA822D30059B338 /* FirebaseCrashlytics in Frameworks */ = {isa = PBXBuildFile; productRef = 464EA20B2AA822D30059B338 /* FirebaseCrashlytics */; };
		464EA20E2AA822D30059B338 /* FirebaseDynamicLinks in Frameworks */ = {isa = PBXBuildFile; productRef = 464EA20D2AA822D30059B338 /* FirebaseDynamicLinks */; };
		464EA2102AA822D30059B338 /* FirebaseFirestore in Frameworks */ = {isa = PBXBuildFile; productRef = 464EA20F2AA822D30059B338 /* FirebaseFirestore */; };
		464EA2122AA822D30059B338 /* FirebaseFirestoreSwift in Frameworks */ = {isa = PBXBuildFile; productRef = 464EA2112AA822D30059B338 /* FirebaseFirestoreSwift */; };
		464EA2142AA822D30059B338 /* FirebaseInstallations in Frameworks */ = {isa = PBXBuildFile; productRef = 464EA2132AA822D30059B338 /* FirebaseInstallations */; };
		464EA2162AA822D30059B338 /* FirebaseMessaging in Frameworks */ = {isa = PBXBuildFile; productRef = 464EA2152AA822D30059B338 /* FirebaseMessaging */; };
		464EA2182AA822D30059B338 /* FirebasePerformance in Frameworks */ = {isa = PBXBuildFile; productRef = 464EA2172AA822D30059B338 /* FirebasePerformance */; };
		464EA21A2AA822D30059B338 /* FirebaseRemoteConfig in Frameworks */ = {isa = PBXBuildFile; productRef = 464EA2192AA822D30059B338 /* FirebaseRemoteConfig */; };
		464EA21C2AA822D30059B338 /* FirebaseRemoteConfigSwift in Frameworks */ = {isa = PBXBuildFile; productRef = 464EA21B2AA822D30059B338 /* FirebaseRemoteConfigSwift */; };
		464EA21E2AA822D30059B338 /* FirebaseStorage in Frameworks */ = {isa = PBXBuildFile; productRef = 464EA21D2AA822D30059B338 /* FirebaseStorage */; };
		466433182AAB53A2008B1453 /* RevenueCat in Frameworks */ = {isa = PBXBuildFile; productRef = 466433172AAB53A2008B1453 /* RevenueCat */; };
		4664331A2AAB55FF008B1453 /* RCViewController.swift in Sources */ = {isa = PBXBuildFile; fileRef = 466433192AAB55FF008B1453 /* RCViewController.swift */; };
		4664331D2AAB5A7E008B1453 /* RCProductCellTableViewCell.swift in Sources */ = {isa = PBXBuildFile; fileRef = 4664331B2AAB5A7E008B1453 /* RCProductCellTableViewCell.swift */; };
		4664331E2AAB5A7E008B1453 /* RCProductCellTableViewCell.xib in Resources */ = {isa = PBXBuildFile; fileRef = 4664331C2AAB5A7E008B1453 /* RCProductCellTableViewCell.xib */; };
		4664C2C52AA0C0AF0053A7CD /* DynamicLink.swift in Sources */ = {isa = PBXBuildFile; fileRef = 4664C2C42AA0C0AF0053A7CD /* DynamicLink.swift */; };
		4664C2C72AA0CAE30053A7CD /* Firestore.swift in Sources */ = {isa = PBXBuildFile; fileRef = 4664C2C62AA0CAE30053A7CD /* Firestore.swift */; };
		4664C2E42AA0EB220053A7CD /* remote_config_defaults.plist in Resources */ = {isa = PBXBuildFile; fileRef = 4664C2E32AA0EB220053A7CD /* remote_config_defaults.plist */; };
		4664C2E62AA0EB3C0053A7CD /* RemoteConfig.swift in Sources */ = {isa = PBXBuildFile; fileRef = 4664C2E52AA0EB3C0053A7CD /* RemoteConfig.swift */; };
		468B479F2A98F2DB00169BE7 /* AppDelegate.swift in Sources */ = {isa = PBXBuildFile; fileRef = 468B479E2A98F2DB00169BE7 /* AppDelegate.swift */; };
		468B47A12A98F2DB00169BE7 /* SceneDelegate.swift in Sources */ = {isa = PBXBuildFile; fileRef = 468B47A02A98F2DB00169BE7 /* SceneDelegate.swift */; };
		468B47A62A98F2DB00169BE7 /* Main.storyboard in Resources */ = {isa = PBXBuildFile; fileRef = 468B47A42A98F2DB00169BE7 /* Main.storyboard */; };
		468B47A82A98F2DC00169BE7 /* Assets.xcassets in Resources */ = {isa = PBXBuildFile; fileRef = 468B47A72A98F2DC00169BE7 /* Assets.xcassets */; };
		468B47AB2A98F2DC00169BE7 /* LaunchScreen.storyboard in Resources */ = {isa = PBXBuildFile; fileRef = 468B47A92A98F2DC00169BE7 /* LaunchScreen.storyboard */; };
		46961CA32AA98B660054B8F2 /* TPInAppReceipt in Frameworks */ = {isa = PBXBuildFile; productRef = 46961CA22AA98B660054B8F2 /* TPInAppReceipt */; };
		46961CA52AA9E42A0054B8F2 /* IAPStoreV2.swift in Sources */ = {isa = PBXBuildFile; fileRef = 46961CA42AA9E42A0054B8F2 /* IAPStoreV2.swift */; };
		46961CA72AA9EC8D0054B8F2 /* ContentViewV2.swift in Sources */ = {isa = PBXBuildFile; fileRef = 46961CA62AA9EC8D0054B8F2 /* ContentViewV2.swift */; };
		46961CA92AA9ED660054B8F2 /* OwlDLCViewV2.swift in Sources */ = {isa = PBXBuildFile; fileRef = 46961CA82AA9ED660054B8F2 /* OwlDLCViewV2.swift */; };
		46961CAB2AA9EF6A0054B8F2 /* ContentViewControllerV2.swift in Sources */ = {isa = PBXBuildFile; fileRef = 46961CAA2AA9EF6A0054B8F2 /* ContentViewControllerV2.swift */; };
		46A551532AA8305800764286 /* StoreKit.framework in Frameworks */ = {isa = PBXBuildFile; fileRef = 46A551522AA8305800764286 /* StoreKit.framework */; };
		46A551592AA8331700764286 /* OwlDLCView.swift in Sources */ = {isa = PBXBuildFile; fileRef = 46A551582AA8331700764286 /* OwlDLCView.swift */; };
		46A5515B2AA8334000764286 /* Owl.swift in Sources */ = {isa = PBXBuildFile; fileRef = 46A5515A2AA8334000764286 /* Owl.swift */; };
		46A5515E2AA8383900764286 /* ContentViewController.swift in Sources */ = {isa = PBXBuildFile; fileRef = 46A5515D2AA8383900764286 /* ContentViewController.swift */; };
		46A551602AA8386400764286 /* ContentView.swift in Sources */ = {isa = PBXBuildFile; fileRef = 46A5515F2AA8386400764286 /* ContentView.swift */; };
		46A551622AA8394900764286 /* OwlProducts.swift in Sources */ = {isa = PBXBuildFile; fileRef = 46A551612AA8394900764286 /* OwlProducts.swift */; };
		46A551642AA83AC100764286 /* IAPStore.swift in Sources */ = {isa = PBXBuildFile; fileRef = 46A551632AA83AC100764286 /* IAPStore.swift */; };
		46A8B6232A9E2D9E002A6C62 /* PaymentView.swift in Sources */ = {isa = PBXBuildFile; fileRef = 46A8B6222A9E2D9E002A6C62 /* PaymentView.swift */; };
		46B67F1C2A9A29E2006607A3 /* GoogleService-Info.plist in Resources */ = {isa = PBXBuildFile; fileRef = 46B67F1B2A9A29E2006607A3 /* GoogleService-Info.plist */; };
		46B67F242A9A3AF8006607A3 /* BeachViewController.swift in Sources */ = {isa = PBXBuildFile; fileRef = 46B67F232A9A3AF8006607A3 /* BeachViewController.swift */; };
		46B67F262A9A63BF006607A3 /* Notification.swift in Sources */ = {isa = PBXBuildFile; fileRef = 46B67F252A9A63BF006607A3 /* Notification.swift */; };
		46CB794A2A9CDC81004E620D /* NotificationService.swift in Sources */ = {isa = PBXBuildFile; fileRef = 46CB79492A9CDC81004E620D /* NotificationService.swift */; };
		46CB794E2A9CDC81004E620D /* PayloadModification.appex in Embed Foundation Extensions */ = {isa = PBXBuildFile; fileRef = 46CB79472A9CDC81004E620D /* PayloadModification.appex */; settings = {ATTRIBUTES = (RemoveHeadersOnCopy, ); }; };
		46CB79562A9CEC57004E620D /* UserDefaults.swift in Sources */ = {isa = PBXBuildFile; fileRef = 46CB79552A9CEC57004E620D /* UserDefaults.swift */; };
		46CB79572A9CECE1004E620D /* UserDefaults.swift in Sources */ = {isa = PBXBuildFile; fileRef = 46CB79552A9CEC57004E620D /* UserDefaults.swift */; };
		46CB795F2A9CF0BE004E620D /* UserNotifications.framework in Frameworks */ = {isa = PBXBuildFile; fileRef = 46CB795E2A9CF0BE004E620D /* UserNotifications.framework */; };
		46CB79612A9CF0BE004E620D /* UserNotificationsUI.framework in Frameworks */ = {isa = PBXBuildFile; fileRef = 46CB79602A9CF0BE004E620D /* UserNotificationsUI.framework */; };
		46CB79642A9CF0BE004E620D /* NotificationViewController.swift in Sources */ = {isa = PBXBuildFile; fileRef = 46CB79632A9CF0BE004E620D /* NotificationViewController.swift */; };
		46CB79672A9CF0BE004E620D /* MainInterface.storyboard in Resources */ = {isa = PBXBuildFile; fileRef = 46CB79652A9CF0BE004E620D /* MainInterface.storyboard */; };
		46CB796B2A9CF0BE004E620D /* CustomNotificationUI.appex in Embed Foundation Extensions */ = {isa = PBXBuildFile; fileRef = 46CB795C2A9CF0BE004E620D /* CustomNotificationUI.appex */; settings = {ATTRIBUTES = (RemoveHeadersOnCopy, ); }; };
		46E815D12A9F7F5500BD4E51 /* SegueHandlerType.swift in Sources */ = {isa = PBXBuildFile; fileRef = 46E815CC2A9F7F5400BD4E51 /* SegueHandlerType.swift */; };
		46E815D22A9F7F5500BD4E51 /* TimeIntervalViewController.swift in Sources */ = {isa = PBXBuildFile; fileRef = 46E815CD2A9F7F5400BD4E51 /* TimeIntervalViewController.swift */; };
		46E815D32A9F7F5500BD4E51 /* ViewController.swift in Sources */ = {isa = PBXBuildFile; fileRef = 46E815CE2A9F7F5400BD4E51 /* ViewController.swift */; };
		46E815D42A9F7F5500BD4E51 /* NotificationScheduler.swift in Sources */ = {isa = PBXBuildFile; fileRef = 46E815CF2A9F7F5400BD4E51 /* NotificationScheduler.swift */; };
		46E815D52A9F7F5500BD4E51 /* CalendarViewController.swift in Sources */ = {isa = PBXBuildFile; fileRef = 46E815D02A9F7F5500BD4E51 /* CalendarViewController.swift */; };
		46E815DC2A9F7F6300BD4E51 /* LocationViewController.swift in Sources */ = {isa = PBXBuildFile; fileRef = 46E815D72A9F7F6300BD4E51 /* LocationViewController.swift */; };
		46E815DD2A9F7F6300BD4E51 /* LocationDetailsViewController.swift in Sources */ = {isa = PBXBuildFile; fileRef = 46E815D82A9F7F6300BD4E51 /* LocationDetailsViewController.swift */; };
		46E815DE2A9F7F6300BD4E51 /* UITextField+Ext.swift in Sources */ = {isa = PBXBuildFile; fileRef = 46E815DA2A9F7F6300BD4E51 /* UITextField+Ext.swift */; };
		46E815DF2A9F7F6300BD4E51 /* UIAlertController+Ext.swift in Sources */ = {isa = PBXBuildFile; fileRef = 46E815DB2A9F7F6300BD4E51 /* UIAlertController+Ext.swift */; };
		46F79FE62AA8C56900303A68 /* SwiftKeychainWrapper in Frameworks */ = {isa = PBXBuildFile; productRef = 46F79FE52AA8C56900303A68 /* SwiftKeychainWrapper */; };
		46F79FEE2AA8D27800303A68 /* AppCommonServicesTests.swift in Sources */ = {isa = PBXBuildFile; fileRef = 46F79FED2AA8D27800303A68 /* AppCommonServicesTests.swift */; };
		46F79FF42AA8D28600303A68 /* Configuration.storekit in Resources */ = {isa = PBXBuildFile; fileRef = 46F79FDD2AA8B23B00303A68 /* Configuration.storekit */; };
		B68B898F2AA48F4500ABBDFD /* FirebaseAnalytics in Frameworks */ = {isa = PBXBuildFile; productRef = B68B898E2AA48F4500ABBDFD /* FirebaseAnalytics */; };
		B68B89912AA48F4500ABBDFD /* FirebaseAnalyticsSwift in Frameworks */ = {isa = PBXBuildFile; productRef = B68B89902AA48F4500ABBDFD /* FirebaseAnalyticsSwift */; };
		B68B89932AA48F4500ABBDFD /* FirebaseAuth in Frameworks */ = {isa = PBXBuildFile; productRef = B68B89922AA48F4500ABBDFD /* FirebaseAuth */; };
		B68B89952AA48F4500ABBDFD /* FirebaseCrashlytics in Frameworks */ = {isa = PBXBuildFile; productRef = B68B89942AA48F4500ABBDFD /* FirebaseCrashlytics */; };
		B68B89972AA48F4500ABBDFD /* FirebaseDynamicLinks in Frameworks */ = {isa = PBXBuildFile; productRef = B68B89962AA48F4500ABBDFD /* FirebaseDynamicLinks */; };
		B68B89992AA48F4500ABBDFD /* FirebaseFirestore in Frameworks */ = {isa = PBXBuildFile; productRef = B68B89982AA48F4500ABBDFD /* FirebaseFirestore */; };
		B68B899B2AA48F4500ABBDFD /* FirebaseFirestoreSwift in Frameworks */ = {isa = PBXBuildFile; productRef = B68B899A2AA48F4500ABBDFD /* FirebaseFirestoreSwift */; };
		B68B899D2AA48F4500ABBDFD /* FirebaseInstallations in Frameworks */ = {isa = PBXBuildFile; productRef = B68B899C2AA48F4500ABBDFD /* FirebaseInstallations */; };
		B68B899F2AA48F4500ABBDFD /* FirebaseMessaging in Frameworks */ = {isa = PBXBuildFile; productRef = B68B899E2AA48F4500ABBDFD /* FirebaseMessaging */; };
		B68B89A12AA48F4500ABBDFD /* FirebasePerformance in Frameworks */ = {isa = PBXBuildFile; productRef = B68B89A02AA48F4500ABBDFD /* FirebasePerformance */; };
		B68B89A32AA48F4500ABBDFD /* FirebaseRemoteConfig in Frameworks */ = {isa = PBXBuildFile; productRef = B68B89A22AA48F4500ABBDFD /* FirebaseRemoteConfig */; };
		B68B89A52AA48F4500ABBDFD /* FirebaseRemoteConfigSwift in Frameworks */ = {isa = PBXBuildFile; productRef = B68B89A42AA48F4500ABBDFD /* FirebaseRemoteConfigSwift */; };
		B68B89A72AA48F4500ABBDFD /* FirebaseStorage in Frameworks */ = {isa = PBXBuildFile; productRef = B68B89A62AA48F4500ABBDFD /* FirebaseStorage */; };
		B68B89AA2AA49CED00ABBDFD /* GoogleMobileAds in Frameworks */ = {isa = PBXBuildFile; productRef = B68B89A92AA49CED00ABBDFD /* GoogleMobileAds */; };
		B6F49D752AA4F1FF000DA6BE /* GADViewController.swift in Sources */ = {isa = PBXBuildFile; fileRef = B6F49D742AA4F1FF000DA6BE /* GADViewController.swift */; };
/* End PBXBuildFile section */

/* Begin PBXContainerItemProxy section */
		46CB794C2A9CDC81004E620D /* PBXContainerItemProxy */ = {
			isa = PBXContainerItemProxy;
			containerPortal = 468B47932A98F2DB00169BE7 /* Project object */;
			proxyType = 1;
			remoteGlobalIDString = 46CB79462A9CDC81004E620D;
			remoteInfo = PayloadModification;
		};
		46CB79692A9CF0BE004E620D /* PBXContainerItemProxy */ = {
			isa = PBXContainerItemProxy;
			containerPortal = 468B47932A98F2DB00169BE7 /* Project object */;
			proxyType = 1;
			remoteGlobalIDString = 46CB795B2A9CF0BE004E620D;
			remoteInfo = CustomNotificationUI;
		};
		46F79FEF2AA8D27800303A68 /* PBXContainerItemProxy */ = {
			isa = PBXContainerItemProxy;
			containerPortal = 468B47932A98F2DB00169BE7 /* Project object */;
			proxyType = 1;
			remoteGlobalIDString = 468B479A2A98F2DB00169BE7;
			remoteInfo = AppCommonServices;
		};
/* End PBXContainerItemProxy section */

/* Begin PBXCopyFilesBuildPhase section */
		46CB794F2A9CDC81004E620D /* Embed Foundation Extensions */ = {
			isa = PBXCopyFilesBuildPhase;
			buildActionMask = 2147483647;
			dstPath = "";
			dstSubfolderSpec = 13;
			files = (
				46CB796B2A9CF0BE004E620D /* CustomNotificationUI.appex in Embed Foundation Extensions */,
				46CB794E2A9CDC81004E620D /* PayloadModification.appex in Embed Foundation Extensions */,
			);
			name = "Embed Foundation Extensions";
			runOnlyForDeploymentPostprocessing = 0;
		};
/* End PBXCopyFilesBuildPhase section */

/* Begin PBXFileReference section */
		464EA2022AA822290059B338 /* UnifiedNativeAdView.xib */ = {isa = PBXFileReference; fileEncoding = 4; lastKnownFileType = file.xib; path = UnifiedNativeAdView.xib; sourceTree = "<group>"; };
		466433192AAB55FF008B1453 /* RCViewController.swift */ = {isa = PBXFileReference; lastKnownFileType = sourcecode.swift; path = RCViewController.swift; sourceTree = "<group>"; };
		4664331B2AAB5A7E008B1453 /* RCProductCellTableViewCell.swift */ = {isa = PBXFileReference; lastKnownFileType = sourcecode.swift; path = RCProductCellTableViewCell.swift; sourceTree = "<group>"; };
		4664331C2AAB5A7E008B1453 /* RCProductCellTableViewCell.xib */ = {isa = PBXFileReference; lastKnownFileType = file.xib; path = RCProductCellTableViewCell.xib; sourceTree = "<group>"; };
		4664C2C42AA0C0AF0053A7CD /* DynamicLink.swift */ = {isa = PBXFileReference; lastKnownFileType = sourcecode.swift; path = DynamicLink.swift; sourceTree = "<group>"; };
		4664C2C62AA0CAE30053A7CD /* Firestore.swift */ = {isa = PBXFileReference; lastKnownFileType = sourcecode.swift; path = Firestore.swift; sourceTree = "<group>"; };
		4664C2E12AA0D9570053A7CD /* cat.JPG */ = {isa = PBXFileReference; lastKnownFileType = image.jpeg; path = cat.JPG; sourceTree = "<group>"; };
		4664C2E32AA0EB220053A7CD /* remote_config_defaults.plist */ = {isa = PBXFileReference; fileEncoding = 4; lastKnownFileType = text.plist.xml; path = remote_config_defaults.plist; sourceTree = "<group>"; };
		4664C2E52AA0EB3C0053A7CD /* RemoteConfig.swift */ = {isa = PBXFileReference; lastKnownFileType = sourcecode.swift; path = RemoteConfig.swift; sourceTree = "<group>"; };
		46747A822AAF4C5200B2A22F /* Dev.xcconfig */ = {isa = PBXFileReference; lastKnownFileType = text.xcconfig; path = Dev.xcconfig; sourceTree = "<group>"; };
		46747A832AAF5D1100B2A22F /* Alpha.xcconfig */ = {isa = PBXFileReference; lastKnownFileType = text.xcconfig; path = Alpha.xcconfig; sourceTree = "<group>"; };
		46747A842AAF636800B2A22F /* Secrets.xcconfig */ = {isa = PBXFileReference; lastKnownFileType = text.xcconfig; path = Secrets.xcconfig; sourceTree = "<group>"; };
		468B479B2A98F2DB00169BE7 /* AppCommonServices.app */ = {isa = PBXFileReference; explicitFileType = wrapper.application; includeInIndex = 0; path = AppCommonServices.app; sourceTree = BUILT_PRODUCTS_DIR; };
		468B479E2A98F2DB00169BE7 /* AppDelegate.swift */ = {isa = PBXFileReference; lastKnownFileType = sourcecode.swift; path = AppDelegate.swift; sourceTree = "<group>"; };
		468B47A02A98F2DB00169BE7 /* SceneDelegate.swift */ = {isa = PBXFileReference; lastKnownFileType = sourcecode.swift; path = SceneDelegate.swift; sourceTree = "<group>"; };
		468B47A52A98F2DB00169BE7 /* Base */ = {isa = PBXFileReference; lastKnownFileType = file.storyboard; name = Base; path = Base.lproj/Main.storyboard; sourceTree = "<group>"; };
		468B47A72A98F2DC00169BE7 /* Assets.xcassets */ = {isa = PBXFileReference; lastKnownFileType = folder.assetcatalog; path = Assets.xcassets; sourceTree = "<group>"; };
		468B47AA2A98F2DC00169BE7 /* Base */ = {isa = PBXFileReference; lastKnownFileType = file.storyboard; name = Base; path = Base.lproj/LaunchScreen.storyboard; sourceTree = "<group>"; };
		468B47AC2A98F2DC00169BE7 /* Info.plist */ = {isa = PBXFileReference; lastKnownFileType = text.plist.xml; path = Info.plist; sourceTree = "<group>"; };
		468B47B22A98F2E700169BE7 /* AppCommonServices.entitlements */ = {isa = PBXFileReference; lastKnownFileType = text.plist.entitlements; path = AppCommonServices.entitlements; sourceTree = "<group>"; };
		46961CA42AA9E42A0054B8F2 /* IAPStoreV2.swift */ = {isa = PBXFileReference; lastKnownFileType = sourcecode.swift; path = IAPStoreV2.swift; sourceTree = "<group>"; };
		46961CA62AA9EC8D0054B8F2 /* ContentViewV2.swift */ = {isa = PBXFileReference; lastKnownFileType = sourcecode.swift; path = ContentViewV2.swift; sourceTree = "<group>"; };
		46961CA82AA9ED660054B8F2 /* OwlDLCViewV2.swift */ = {isa = PBXFileReference; lastKnownFileType = sourcecode.swift; path = OwlDLCViewV2.swift; sourceTree = "<group>"; };
		46961CAA2AA9EF6A0054B8F2 /* ContentViewControllerV2.swift */ = {isa = PBXFileReference; lastKnownFileType = sourcecode.swift; path = ContentViewControllerV2.swift; sourceTree = "<group>"; };
		46A551522AA8305800764286 /* StoreKit.framework */ = {isa = PBXFileReference; lastKnownFileType = wrapper.framework; name = StoreKit.framework; path = System/Library/Frameworks/StoreKit.framework; sourceTree = SDKROOT; };
		46A551582AA8331700764286 /* OwlDLCView.swift */ = {isa = PBXFileReference; fileEncoding = 4; lastKnownFileType = sourcecode.swift; path = OwlDLCView.swift; sourceTree = "<group>"; };
		46A5515A2AA8334000764286 /* Owl.swift */ = {isa = PBXFileReference; fileEncoding = 4; lastKnownFileType = sourcecode.swift; path = Owl.swift; sourceTree = "<group>"; };
		46A5515D2AA8383900764286 /* ContentViewController.swift */ = {isa = PBXFileReference; lastKnownFileType = sourcecode.swift; path = ContentViewController.swift; sourceTree = "<group>"; };
		46A5515F2AA8386400764286 /* ContentView.swift */ = {isa = PBXFileReference; fileEncoding = 4; lastKnownFileType = sourcecode.swift; path = ContentView.swift; sourceTree = "<group>"; };
		46A551612AA8394900764286 /* OwlProducts.swift */ = {isa = PBXFileReference; fileEncoding = 4; lastKnownFileType = sourcecode.swift; path = OwlProducts.swift; sourceTree = "<group>"; };
		46A551632AA83AC100764286 /* IAPStore.swift */ = {isa = PBXFileReference; lastKnownFileType = sourcecode.swift; path = IAPStore.swift; sourceTree = "<group>"; };
		46A8B6222A9E2D9E002A6C62 /* PaymentView.swift */ = {isa = PBXFileReference; fileEncoding = 4; lastKnownFileType = sourcecode.swift; path = PaymentView.swift; sourceTree = "<group>"; };
		46B67F1B2A9A29E2006607A3 /* GoogleService-Info.plist */ = {isa = PBXFileReference; fileEncoding = 4; lastKnownFileType = text.plist.xml; path = "GoogleService-Info.plist"; sourceTree = "<group>"; };
		46B67F232A9A3AF8006607A3 /* BeachViewController.swift */ = {isa = PBXFileReference; fileEncoding = 4; lastKnownFileType = sourcecode.swift; path = BeachViewController.swift; sourceTree = "<group>"; };
		46B67F252A9A63BF006607A3 /* Notification.swift */ = {isa = PBXFileReference; lastKnownFileType = sourcecode.swift; path = Notification.swift; sourceTree = "<group>"; };
		46CB79472A9CDC81004E620D /* PayloadModification.appex */ = {isa = PBXFileReference; explicitFileType = "wrapper.app-extension"; includeInIndex = 0; path = PayloadModification.appex; sourceTree = BUILT_PRODUCTS_DIR; };
		46CB79492A9CDC81004E620D /* NotificationService.swift */ = {isa = PBXFileReference; lastKnownFileType = sourcecode.swift; path = NotificationService.swift; sourceTree = "<group>"; };
		46CB794B2A9CDC81004E620D /* Info.plist */ = {isa = PBXFileReference; lastKnownFileType = text.plist.xml; path = Info.plist; sourceTree = "<group>"; };
		46CB79542A9CEB68004E620D /* PayloadModification.entitlements */ = {isa = PBXFileReference; lastKnownFileType = text.plist.entitlements; path = PayloadModification.entitlements; sourceTree = "<group>"; };
		46CB79552A9CEC57004E620D /* UserDefaults.swift */ = {isa = PBXFileReference; lastKnownFileType = sourcecode.swift; path = UserDefaults.swift; sourceTree = "<group>"; };
		46CB795C2A9CF0BE004E620D /* CustomNotificationUI.appex */ = {isa = PBXFileReference; explicitFileType = "wrapper.app-extension"; includeInIndex = 0; path = CustomNotificationUI.appex; sourceTree = BUILT_PRODUCTS_DIR; };
		46CB795E2A9CF0BE004E620D /* UserNotifications.framework */ = {isa = PBXFileReference; lastKnownFileType = wrapper.framework; name = UserNotifications.framework; path = System/Library/Frameworks/UserNotifications.framework; sourceTree = SDKROOT; };
		46CB79602A9CF0BE004E620D /* UserNotificationsUI.framework */ = {isa = PBXFileReference; lastKnownFileType = wrapper.framework; name = UserNotificationsUI.framework; path = System/Library/Frameworks/UserNotificationsUI.framework; sourceTree = SDKROOT; };
		46CB79632A9CF0BE004E620D /* NotificationViewController.swift */ = {isa = PBXFileReference; lastKnownFileType = sourcecode.swift; path = NotificationViewController.swift; sourceTree = "<group>"; };
		46CB79662A9CF0BE004E620D /* Base */ = {isa = PBXFileReference; lastKnownFileType = file.storyboard; name = Base; path = Base.lproj/MainInterface.storyboard; sourceTree = "<group>"; };
		46CB79682A9CF0BE004E620D /* Info.plist */ = {isa = PBXFileReference; lastKnownFileType = text.plist.xml; path = Info.plist; sourceTree = "<group>"; };
		46E815CC2A9F7F5400BD4E51 /* SegueHandlerType.swift */ = {isa = PBXFileReference; fileEncoding = 4; lastKnownFileType = sourcecode.swift; path = SegueHandlerType.swift; sourceTree = "<group>"; };
		46E815CD2A9F7F5400BD4E51 /* TimeIntervalViewController.swift */ = {isa = PBXFileReference; fileEncoding = 4; lastKnownFileType = sourcecode.swift; path = TimeIntervalViewController.swift; sourceTree = "<group>"; };
		46E815CE2A9F7F5400BD4E51 /* ViewController.swift */ = {isa = PBXFileReference; fileEncoding = 4; lastKnownFileType = sourcecode.swift; path = ViewController.swift; sourceTree = "<group>"; };
		46E815CF2A9F7F5400BD4E51 /* NotificationScheduler.swift */ = {isa = PBXFileReference; fileEncoding = 4; lastKnownFileType = sourcecode.swift; path = NotificationScheduler.swift; sourceTree = "<group>"; };
		46E815D02A9F7F5500BD4E51 /* CalendarViewController.swift */ = {isa = PBXFileReference; fileEncoding = 4; lastKnownFileType = sourcecode.swift; path = CalendarViewController.swift; sourceTree = "<group>"; };
		46E815D72A9F7F6300BD4E51 /* LocationViewController.swift */ = {isa = PBXFileReference; fileEncoding = 4; lastKnownFileType = sourcecode.swift; path = LocationViewController.swift; sourceTree = "<group>"; };
		46E815D82A9F7F6300BD4E51 /* LocationDetailsViewController.swift */ = {isa = PBXFileReference; fileEncoding = 4; lastKnownFileType = sourcecode.swift; path = LocationDetailsViewController.swift; sourceTree = "<group>"; };
		46E815DA2A9F7F6300BD4E51 /* UITextField+Ext.swift */ = {isa = PBXFileReference; fileEncoding = 4; lastKnownFileType = sourcecode.swift; path = "UITextField+Ext.swift"; sourceTree = "<group>"; };
		46E815DB2A9F7F6300BD4E51 /* UIAlertController+Ext.swift */ = {isa = PBXFileReference; fileEncoding = 4; lastKnownFileType = sourcecode.swift; path = "UIAlertController+Ext.swift"; sourceTree = "<group>"; };
		46F79FDD2AA8B23B00303A68 /* Configuration.storekit */ = {isa = PBXFileReference; lastKnownFileType = text; path = Configuration.storekit; sourceTree = "<group>"; };
		46F79FEB2AA8D27800303A68 /* AppCommonServicesTests.xctest */ = {isa = PBXFileReference; explicitFileType = wrapper.cfbundle; includeInIndex = 0; path = AppCommonServicesTests.xctest; sourceTree = BUILT_PRODUCTS_DIR; };
		46F79FED2AA8D27800303A68 /* AppCommonServicesTests.swift */ = {isa = PBXFileReference; lastKnownFileType = sourcecode.swift; path = AppCommonServicesTests.swift; sourceTree = "<group>"; };
		B6F49D742AA4F1FF000DA6BE /* GADViewController.swift */ = {isa = PBXFileReference; lastKnownFileType = sourcecode.swift; path = GADViewController.swift; sourceTree = "<group>"; };
/* End PBXFileReference section */

/* Begin PBXFrameworksBuildPhase section */
		468B47982A98F2DB00169BE7 /* Frameworks */ = {
			isa = PBXFrameworksBuildPhase;
			buildActionMask = 2147483647;
			files = (
				B68B89A32AA48F4500ABBDFD /* FirebaseRemoteConfig in Frameworks */,
				B68B899F2AA48F4500ABBDFD /* FirebaseMessaging in Frameworks */,
				464EA20A2AA822D30059B338 /* FirebaseAuth in Frameworks */,
				464EA2162AA822D30059B338 /* FirebaseMessaging in Frameworks */,
				B68B89912AA48F4500ABBDFD /* FirebaseAnalyticsSwift in Frameworks */,
				B68B89A12AA48F4500ABBDFD /* FirebasePerformance in Frameworks */,
				B68B89952AA48F4500ABBDFD /* FirebaseCrashlytics in Frameworks */,
				B68B89932AA48F4500ABBDFD /* FirebaseAuth in Frameworks */,
				B68B89AA2AA49CED00ABBDFD /* GoogleMobileAds in Frameworks */,
				B68B899D2AA48F4500ABBDFD /* FirebaseInstallations in Frameworks */,
				464EA2062AA822D30059B338 /* FirebaseAnalytics in Frameworks */,
				B68B899B2AA48F4500ABBDFD /* FirebaseFirestoreSwift in Frameworks */,
				466433182AAB53A2008B1453 /* RevenueCat in Frameworks */,
				464EA2142AA822D30059B338 /* FirebaseInstallations in Frameworks */,
				B68B89A72AA48F4500ABBDFD /* FirebaseStorage in Frameworks */,
				464EA2182AA822D30059B338 /* FirebasePerformance in Frameworks */,
				46A551532AA8305800764286 /* StoreKit.framework in Frameworks */,
				464EA20E2AA822D30059B338 /* FirebaseDynamicLinks in Frameworks */,
				464EA2102AA822D30059B338 /* FirebaseFirestore in Frameworks */,
				B68B898F2AA48F4500ABBDFD /* FirebaseAnalytics in Frameworks */,
				464EA2082AA822D30059B338 /* FirebaseAnalyticsSwift in Frameworks */,
				46961CA32AA98B660054B8F2 /* TPInAppReceipt in Frameworks */,
				464EA21A2AA822D30059B338 /* FirebaseRemoteConfig in Frameworks */,
				46F79FE62AA8C56900303A68 /* SwiftKeychainWrapper in Frameworks */,
				464EA21E2AA822D30059B338 /* FirebaseStorage in Frameworks */,
				B68B89A52AA48F4500ABBDFD /* FirebaseRemoteConfigSwift in Frameworks */,
				464EA2122AA822D30059B338 /* FirebaseFirestoreSwift in Frameworks */,
				464EA20C2AA822D30059B338 /* FirebaseCrashlytics in Frameworks */,
				B68B89972AA48F4500ABBDFD /* FirebaseDynamicLinks in Frameworks */,
				B68B89992AA48F4500ABBDFD /* FirebaseFirestore in Frameworks */,
				464EA21C2AA822D30059B338 /* FirebaseRemoteConfigSwift in Frameworks */,
			);
			runOnlyForDeploymentPostprocessing = 0;
		};
		46CB79442A9CDC81004E620D /* Frameworks */ = {
			isa = PBXFrameworksBuildPhase;
			buildActionMask = 2147483647;
			files = (
			);
			runOnlyForDeploymentPostprocessing = 0;
		};
		46CB79592A9CF0BE004E620D /* Frameworks */ = {
			isa = PBXFrameworksBuildPhase;
			buildActionMask = 2147483647;
			files = (
				46CB79612A9CF0BE004E620D /* UserNotificationsUI.framework in Frameworks */,
				46CB795F2A9CF0BE004E620D /* UserNotifications.framework in Frameworks */,
			);
			runOnlyForDeploymentPostprocessing = 0;
		};
		46F79FE82AA8D27800303A68 /* Frameworks */ = {
			isa = PBXFrameworksBuildPhase;
			buildActionMask = 2147483647;
			files = (
			);
			runOnlyForDeploymentPostprocessing = 0;
		};
/* End PBXFrameworksBuildPhase section */

/* Begin PBXGroup section */
		46747A812AAF4C3D00B2A22F /* Configuration */ = {
			isa = PBXGroup;
			children = (
				46747A822AAF4C5200B2A22F /* Dev.xcconfig */,
				46747A832AAF5D1100B2A22F /* Alpha.xcconfig */,
				46747A842AAF636800B2A22F /* Secrets.xcconfig */,
			);
			path = Configuration;
			sourceTree = "<group>";
		};
		468B47922A98F2DB00169BE7 = {
			isa = PBXGroup;
			children = (
				468B479D2A98F2DB00169BE7 /* AppCommonServices */,
				46CB79482A9CDC81004E620D /* PayloadModification */,
				46CB79622A9CF0BE004E620D /* CustomNotificationUI */,
				46F79FEC2AA8D27800303A68 /* AppCommonServicesTests */,
				46CB795D2A9CF0BE004E620D /* Frameworks */,
				468B479C2A98F2DB00169BE7 /* Products */,
			);
			sourceTree = "<group>";
		};
		468B479C2A98F2DB00169BE7 /* Products */ = {
			isa = PBXGroup;
			children = (
				468B479B2A98F2DB00169BE7 /* AppCommonServices.app */,
				46CB79472A9CDC81004E620D /* PayloadModification.appex */,
				46CB795C2A9CF0BE004E620D /* CustomNotificationUI.appex */,
				46F79FEB2AA8D27800303A68 /* AppCommonServicesTests.xctest */,
			);
			name = Products;
			sourceTree = "<group>";
		};
		468B479D2A98F2DB00169BE7 /* AppCommonServices */ = {
			isa = PBXGroup;
			children = (
				46747A812AAF4C3D00B2A22F /* Configuration */,
				46A5515C2AA837C600764286 /* ViewControllers */,
				46A551572AA8328500764286 /* Views */,
				46A551542AA8326F00764286 /* Model */,
				468B47B22A98F2E700169BE7 /* AppCommonServices.entitlements */,
				468B479E2A98F2DB00169BE7 /* AppDelegate.swift */,
				46B67F252A9A63BF006607A3 /* Notification.swift */,
				466433192AAB55FF008B1453 /* RCViewController.swift */,
				4664331B2AAB5A7E008B1453 /* RCProductCellTableViewCell.swift */,
				4664331C2AAB5A7E008B1453 /* RCProductCellTableViewCell.xib */,
				468B47A02A98F2DB00169BE7 /* SceneDelegate.swift */,
				B6F49D742AA4F1FF000DA6BE /* GADViewController.swift */,
				46E815D92A9F7F6300BD4E51 /* Extensions */,
				46E815D62A9F7F6300BD4E51 /* Location */,
				46CB79552A9CEC57004E620D /* UserDefaults.swift */,
				46B67F232A9A3AF8006607A3 /* BeachViewController.swift */,
				46E815D02A9F7F5500BD4E51 /* CalendarViewController.swift */,
				464EA2022AA822290059B338 /* UnifiedNativeAdView.xib */,
				46E815CF2A9F7F5400BD4E51 /* NotificationScheduler.swift */,
				46E815CC2A9F7F5400BD4E51 /* SegueHandlerType.swift */,
				46E815CD2A9F7F5400BD4E51 /* TimeIntervalViewController.swift */,
				46E815CE2A9F7F5400BD4E51 /* ViewController.swift */,
				4664C2C42AA0C0AF0053A7CD /* DynamicLink.swift */,
				4664C2C62AA0CAE30053A7CD /* Firestore.swift */,
				4664C2E52AA0EB3C0053A7CD /* RemoteConfig.swift */,
				468B47A42A98F2DB00169BE7 /* Main.storyboard */,
				4664C2E32AA0EB220053A7CD /* remote_config_defaults.plist */,
				4664C2E12AA0D9570053A7CD /* cat.JPG */,
				468B47A72A98F2DC00169BE7 /* Assets.xcassets */,
				468B47A92A98F2DC00169BE7 /* LaunchScreen.storyboard */,
				468B47AC2A98F2DC00169BE7 /* Info.plist */,
				46B67F1B2A9A29E2006607A3 /* GoogleService-Info.plist */,
			);
			path = AppCommonServices;
			sourceTree = "<group>";
		};
		46A551542AA8326F00764286 /* Model */ = {
			isa = PBXGroup;
			children = (
				46A551612AA8394900764286 /* OwlProducts.swift */,
				46A551632AA83AC100764286 /* IAPStore.swift */,
				46961CA42AA9E42A0054B8F2 /* IAPStoreV2.swift */,
				46A5515A2AA8334000764286 /* Owl.swift */,
				46F79FDD2AA8B23B00303A68 /* Configuration.storekit */,
			);
			path = Model;
			sourceTree = "<group>";
		};
		46A551572AA8328500764286 /* Views */ = {
			isa = PBXGroup;
			children = (
				46A5515F2AA8386400764286 /* ContentView.swift */,
				46961CA62AA9EC8D0054B8F2 /* ContentViewV2.swift */,
				46A551582AA8331700764286 /* OwlDLCView.swift */,
				46961CA82AA9ED660054B8F2 /* OwlDLCViewV2.swift */,
			);
			path = Views;
			sourceTree = "<group>";
		};
		46A5515C2AA837C600764286 /* ViewControllers */ = {
			isa = PBXGroup;
			children = (
				46A5515D2AA8383900764286 /* ContentViewController.swift */,
				46961CAA2AA9EF6A0054B8F2 /* ContentViewControllerV2.swift */,
			);
			path = ViewControllers;
			sourceTree = "<group>";
		};
		46CB79482A9CDC81004E620D /* PayloadModification */ = {
			isa = PBXGroup;
			children = (
				46CB79542A9CEB68004E620D /* PayloadModification.entitlements */,
				46CB79492A9CDC81004E620D /* NotificationService.swift */,
				46CB794B2A9CDC81004E620D /* Info.plist */,
			);
			path = PayloadModification;
			sourceTree = "<group>";
		};
		46CB795D2A9CF0BE004E620D /* Frameworks */ = {
			isa = PBXGroup;
			children = (
				46A551522AA8305800764286 /* StoreKit.framework */,
				46CB795E2A9CF0BE004E620D /* UserNotifications.framework */,
				46CB79602A9CF0BE004E620D /* UserNotificationsUI.framework */,
			);
			name = Frameworks;
			sourceTree = "<group>";
		};
		46CB79622A9CF0BE004E620D /* CustomNotificationUI */ = {
			isa = PBXGroup;
			children = (
				46A8B6222A9E2D9E002A6C62 /* PaymentView.swift */,
				46CB79632A9CF0BE004E620D /* NotificationViewController.swift */,
				46CB79652A9CF0BE004E620D /* MainInterface.storyboard */,
				46CB79682A9CF0BE004E620D /* Info.plist */,
			);
			path = CustomNotificationUI;
			sourceTree = "<group>";
		};
		46E815D62A9F7F6300BD4E51 /* Location */ = {
			isa = PBXGroup;
			children = (
				46E815D72A9F7F6300BD4E51 /* LocationViewController.swift */,
				46E815D82A9F7F6300BD4E51 /* LocationDetailsViewController.swift */,
			);
			path = Location;
			sourceTree = "<group>";
		};
		46E815D92A9F7F6300BD4E51 /* Extensions */ = {
			isa = PBXGroup;
			children = (
				46E815DA2A9F7F6300BD4E51 /* UITextField+Ext.swift */,
				46E815DB2A9F7F6300BD4E51 /* UIAlertController+Ext.swift */,
			);
			path = Extensions;
			sourceTree = "<group>";
		};
		46F79FEC2AA8D27800303A68 /* AppCommonServicesTests */ = {
			isa = PBXGroup;
			children = (
				46F79FED2AA8D27800303A68 /* AppCommonServicesTests.swift */,
			);
			path = AppCommonServicesTests;
			sourceTree = "<group>";
		};
/* End PBXGroup section */

/* Begin PBXNativeTarget section */
		468B479A2A98F2DB00169BE7 /* AppCommonServices */ = {
			isa = PBXNativeTarget;
			buildConfigurationList = 468B47AF2A98F2DC00169BE7 /* Build configuration list for PBXNativeTarget "AppCommonServices" */;
			buildPhases = (
				468B47972A98F2DB00169BE7 /* Sources */,
				468B47982A98F2DB00169BE7 /* Frameworks */,
				468B47992A98F2DB00169BE7 /* Resources */,
				46CB794F2A9CDC81004E620D /* Embed Foundation Extensions */,
				46B836C12AA18DD100FFCE7D /* Run Script */,
			);
			buildRules = (
			);
			dependencies = (
				46CB794D2A9CDC81004E620D /* PBXTargetDependency */,
				46CB796A2A9CF0BE004E620D /* PBXTargetDependency */,
			);
			name = AppCommonServices;
			packageProductDependencies = (
				B68B898E2AA48F4500ABBDFD /* FirebaseAnalytics */,
				B68B89902AA48F4500ABBDFD /* FirebaseAnalyticsSwift */,
				B68B89922AA48F4500ABBDFD /* FirebaseAuth */,
				B68B89942AA48F4500ABBDFD /* FirebaseCrashlytics */,
				B68B89962AA48F4500ABBDFD /* FirebaseDynamicLinks */,
				B68B89982AA48F4500ABBDFD /* FirebaseFirestore */,
				B68B899A2AA48F4500ABBDFD /* FirebaseFirestoreSwift */,
				B68B899C2AA48F4500ABBDFD /* FirebaseInstallations */,
				B68B899E2AA48F4500ABBDFD /* FirebaseMessaging */,
				B68B89A02AA48F4500ABBDFD /* FirebasePerformance */,
				B68B89A22AA48F4500ABBDFD /* FirebaseRemoteConfig */,
				B68B89A42AA48F4500ABBDFD /* FirebaseRemoteConfigSwift */,
				B68B89A62AA48F4500ABBDFD /* FirebaseStorage */,
				B68B89A92AA49CED00ABBDFD /* GoogleMobileAds */,
				464EA2052AA822D30059B338 /* FirebaseAnalytics */,
				464EA2072AA822D30059B338 /* FirebaseAnalyticsSwift */,
				464EA2092AA822D30059B338 /* FirebaseAuth */,
				464EA20B2AA822D30059B338 /* FirebaseCrashlytics */,
				464EA20D2AA822D30059B338 /* FirebaseDynamicLinks */,
				464EA20F2AA822D30059B338 /* FirebaseFirestore */,
				464EA2112AA822D30059B338 /* FirebaseFirestoreSwift */,
				464EA2132AA822D30059B338 /* FirebaseInstallations */,
				464EA2152AA822D30059B338 /* FirebaseMessaging */,
				464EA2172AA822D30059B338 /* FirebasePerformance */,
				464EA2192AA822D30059B338 /* FirebaseRemoteConfig */,
				464EA21B2AA822D30059B338 /* FirebaseRemoteConfigSwift */,
				464EA21D2AA822D30059B338 /* FirebaseStorage */,
				46F79FE52AA8C56900303A68 /* SwiftKeychainWrapper */,
				46961CA22AA98B660054B8F2 /* TPInAppReceipt */,
				466433172AAB53A2008B1453 /* RevenueCat */,
			);
			productName = AppCommonServices;
			productReference = 468B479B2A98F2DB00169BE7 /* AppCommonServices.app */;
			productType = "com.apple.product-type.application";
		};
		46CB79462A9CDC81004E620D /* PayloadModification */ = {
			isa = PBXNativeTarget;
			buildConfigurationList = 46CB79522A9CDC81004E620D /* Build configuration list for PBXNativeTarget "PayloadModification" */;
			buildPhases = (
				46CB79432A9CDC81004E620D /* Sources */,
				46CB79442A9CDC81004E620D /* Frameworks */,
				46CB79452A9CDC81004E620D /* Resources */,
			);
			buildRules = (
			);
			dependencies = (
			);
			name = PayloadModification;
			productName = PayloadModification;
			productReference = 46CB79472A9CDC81004E620D /* PayloadModification.appex */;
			productType = "com.apple.product-type.app-extension";
		};
		46CB795B2A9CF0BE004E620D /* CustomNotificationUI */ = {
			isa = PBXNativeTarget;
			buildConfigurationList = 46CB796C2A9CF0BE004E620D /* Build configuration list for PBXNativeTarget "CustomNotificationUI" */;
			buildPhases = (
				46CB79582A9CF0BE004E620D /* Sources */,
				46CB79592A9CF0BE004E620D /* Frameworks */,
				46CB795A2A9CF0BE004E620D /* Resources */,
			);
			buildRules = (
			);
			dependencies = (
			);
			name = CustomNotificationUI;
			productName = CustomNotificationUI;
			productReference = 46CB795C2A9CF0BE004E620D /* CustomNotificationUI.appex */;
			productType = "com.apple.product-type.app-extension";
		};
		46F79FEA2AA8D27800303A68 /* AppCommonServicesTests */ = {
			isa = PBXNativeTarget;
			buildConfigurationList = 46F79FF12AA8D27800303A68 /* Build configuration list for PBXNativeTarget "AppCommonServicesTests" */;
			buildPhases = (
				46F79FE72AA8D27800303A68 /* Sources */,
				46F79FE82AA8D27800303A68 /* Frameworks */,
				46F79FE92AA8D27800303A68 /* Resources */,
			);
			buildRules = (
			);
			dependencies = (
				46F79FF02AA8D27800303A68 /* PBXTargetDependency */,
			);
			name = AppCommonServicesTests;
			productName = AppCommonServicesTests;
			productReference = 46F79FEB2AA8D27800303A68 /* AppCommonServicesTests.xctest */;
			productType = "com.apple.product-type.bundle.unit-test";
		};
/* End PBXNativeTarget section */

/* Begin PBXProject section */
		468B47932A98F2DB00169BE7 /* Project object */ = {
			isa = PBXProject;
			attributes = {
				BuildIndependentTargetsInParallel = 1;
				LastSwiftUpdateCheck = 1430;
				LastUpgradeCheck = 1430;
				TargetAttributes = {
					468B479A2A98F2DB00169BE7 = {
						CreatedOnToolsVersion = 14.3.1;
					};
					46CB79462A9CDC81004E620D = {
						CreatedOnToolsVersion = 14.3.1;
					};
					46CB795B2A9CF0BE004E620D = {
						CreatedOnToolsVersion = 14.3.1;
					};
					46F79FEA2AA8D27800303A68 = {
						CreatedOnToolsVersion = 14.3.1;
						TestTargetID = 468B479A2A98F2DB00169BE7;
					};
				};
			};
			buildConfigurationList = 468B47962A98F2DB00169BE7 /* Build configuration list for PBXProject "AppCommonServices" */;
			compatibilityVersion = "Xcode 14.0";
			developmentRegion = en;
			hasScannedForEncodings = 0;
			knownRegions = (
				en,
				Base,
			);
			mainGroup = 468B47922A98F2DB00169BE7;
			packageReferences = (
				B68B89A82AA49CEC00ABBDFD /* XCRemoteSwiftPackageReference "swift-package-manager-google-mobile-ads" */,
				464EA2042AA822D30059B338 /* XCRemoteSwiftPackageReference "firebase-ios-sdk" */,
				46F79FE42AA8C56900303A68 /* XCRemoteSwiftPackageReference "SwiftKeychainWrapper" */,
				46961CA12AA98B660054B8F2 /* XCRemoteSwiftPackageReference "TPInAppReceipt" */,
				466433162AAB53A1008B1453 /* XCRemoteSwiftPackageReference "purchases-ios" */,
			);
			productRefGroup = 468B479C2A98F2DB00169BE7 /* Products */;
			projectDirPath = "";
			projectRoot = "";
			targets = (
				468B479A2A98F2DB00169BE7 /* AppCommonServices */,
				46CB79462A9CDC81004E620D /* PayloadModification */,
				46CB795B2A9CF0BE004E620D /* CustomNotificationUI */,
				46F79FEA2AA8D27800303A68 /* AppCommonServicesTests */,
			);
		};
/* End PBXProject section */

/* Begin PBXResourcesBuildPhase section */
		468B47992A98F2DB00169BE7 /* Resources */ = {
			isa = PBXResourcesBuildPhase;
			buildActionMask = 2147483647;
			files = (
				468B47AB2A98F2DC00169BE7 /* LaunchScreen.storyboard in Resources */,
				4664331E2AAB5A7E008B1453 /* RCProductCellTableViewCell.xib in Resources */,
				464EA2032AA822290059B338 /* UnifiedNativeAdView.xib in Resources */,
				46B67F1C2A9A29E2006607A3 /* GoogleService-Info.plist in Resources */,
				4664C2E42AA0EB220053A7CD /* remote_config_defaults.plist in Resources */,
				468B47A82A98F2DC00169BE7 /* Assets.xcassets in Resources */,
				468B47A62A98F2DB00169BE7 /* Main.storyboard in Resources */,
			);
			runOnlyForDeploymentPostprocessing = 0;
		};
		46CB79452A9CDC81004E620D /* Resources */ = {
			isa = PBXResourcesBuildPhase;
			buildActionMask = 2147483647;
			files = (
			);
			runOnlyForDeploymentPostprocessing = 0;
		};
		46CB795A2A9CF0BE004E620D /* Resources */ = {
			isa = PBXResourcesBuildPhase;
			buildActionMask = 2147483647;
			files = (
				46CB79672A9CF0BE004E620D /* MainInterface.storyboard in Resources */,
			);
			runOnlyForDeploymentPostprocessing = 0;
		};
		46F79FE92AA8D27800303A68 /* Resources */ = {
			isa = PBXResourcesBuildPhase;
			buildActionMask = 2147483647;
			files = (
				46F79FF42AA8D28600303A68 /* Configuration.storekit in Resources */,
			);
			runOnlyForDeploymentPostprocessing = 0;
		};
/* End PBXResourcesBuildPhase section */

/* Begin PBXShellScriptBuildPhase section */
		46B836C12AA18DD100FFCE7D /* Run Script */ = {
			isa = PBXShellScriptBuildPhase;
			buildActionMask = 2147483647;
			files = (
			);
			inputFileListPaths = (
			);
			inputPaths = (
				"${DWARF_DSYM_FOLDER_PATH}/${DWARF_DSYM_FILE_NAME}",
				"${DWARF_DSYM_FOLDER_PATH}/${DWARF_DSYM_FILE_NAME}/Contents/Resources/DWARF/${PRODUCT_NAME}",
				"${DWARF_DSYM_FOLDER_PATH}/${DWARF_DSYM_FILE_NAME}/Contents/Info.plist",
				"$(BUILT_PRODUCTS_DIR)/$(UNLOCALIZED_RESOURCES_FOLDER_PATH)/GoogleService-Info.plist",
				"$(BUILT_PRODUCTS_DIR)/$(EXECUTABLE_PATH)",
			);
			name = "Run Script";
			outputFileListPaths = (
			);
			outputPaths = (
			);
			runOnlyForDeploymentPostprocessing = 0;
			shellPath = /bin/sh;
			shellScript = "\"${BUILD_DIR%/Build/*}/SourcePackages/checkouts/firebase-ios-sdk/Crashlytics/run\"\n";
		};
/* End PBXShellScriptBuildPhase section */

/* Begin PBXSourcesBuildPhase section */
		468B47972A98F2DB00169BE7 /* Sources */ = {
			isa = PBXSourcesBuildPhase;
			buildActionMask = 2147483647;
			files = (
				46E815DD2A9F7F6300BD4E51 /* LocationDetailsViewController.swift in Sources */,
				46E815D52A9F7F5500BD4E51 /* CalendarViewController.swift in Sources */,
				4664C2E62AA0EB3C0053A7CD /* RemoteConfig.swift in Sources */,
				46E815D22A9F7F5500BD4E51 /* TimeIntervalViewController.swift in Sources */,
				46B67F262A9A63BF006607A3 /* Notification.swift in Sources */,
				46CB79562A9CEC57004E620D /* UserDefaults.swift in Sources */,
				468B479F2A98F2DB00169BE7 /* AppDelegate.swift in Sources */,
				46E815DE2A9F7F6300BD4E51 /* UITextField+Ext.swift in Sources */,
				46E815DC2A9F7F6300BD4E51 /* LocationViewController.swift in Sources */,
				46961CA52AA9E42A0054B8F2 /* IAPStoreV2.swift in Sources */,
				46E815DF2A9F7F6300BD4E51 /* UIAlertController+Ext.swift in Sources */,
				4664331A2AAB55FF008B1453 /* RCViewController.swift in Sources */,
				46E815D42A9F7F5500BD4E51 /* NotificationScheduler.swift in Sources */,
				4664C2C52AA0C0AF0053A7CD /* DynamicLink.swift in Sources */,
				46A551602AA8386400764286 /* ContentView.swift in Sources */,
				46A551622AA8394900764286 /* OwlProducts.swift in Sources */,
				46B67F242A9A3AF8006607A3 /* BeachViewController.swift in Sources */,
				46961CA92AA9ED660054B8F2 /* OwlDLCViewV2.swift in Sources */,
				46A5515E2AA8383900764286 /* ContentViewController.swift in Sources */,
				46A551642AA83AC100764286 /* IAPStore.swift in Sources */,
				46961CA72AA9EC8D0054B8F2 /* ContentViewV2.swift in Sources */,
				46E815D12A9F7F5500BD4E51 /* SegueHandlerType.swift in Sources */,
				46A551592AA8331700764286 /* OwlDLCView.swift in Sources */,
				4664C2C72AA0CAE30053A7CD /* Firestore.swift in Sources */,
				B6F49D752AA4F1FF000DA6BE /* GADViewController.swift in Sources */,
				46E815D32A9F7F5500BD4E51 /* ViewController.swift in Sources */,
				46A5515B2AA8334000764286 /* Owl.swift in Sources */,
				46961CAB2AA9EF6A0054B8F2 /* ContentViewControllerV2.swift in Sources */,
				4664331D2AAB5A7E008B1453 /* RCProductCellTableViewCell.swift in Sources */,
				468B47A12A98F2DB00169BE7 /* SceneDelegate.swift in Sources */,
			);
			runOnlyForDeploymentPostprocessing = 0;
		};
		46CB79432A9CDC81004E620D /* Sources */ = {
			isa = PBXSourcesBuildPhase;
			buildActionMask = 2147483647;
			files = (
				46CB79572A9CECE1004E620D /* UserDefaults.swift in Sources */,
				46CB794A2A9CDC81004E620D /* NotificationService.swift in Sources */,
			);
			runOnlyForDeploymentPostprocessing = 0;
		};
		46CB79582A9CF0BE004E620D /* Sources */ = {
			isa = PBXSourcesBuildPhase;
			buildActionMask = 2147483647;
			files = (
				46CB79642A9CF0BE004E620D /* NotificationViewController.swift in Sources */,
				46A8B6232A9E2D9E002A6C62 /* PaymentView.swift in Sources */,
			);
			runOnlyForDeploymentPostprocessing = 0;
		};
		46F79FE72AA8D27800303A68 /* Sources */ = {
			isa = PBXSourcesBuildPhase;
			buildActionMask = 2147483647;
			files = (
				46F79FEE2AA8D27800303A68 /* AppCommonServicesTests.swift in Sources */,
			);
			runOnlyForDeploymentPostprocessing = 0;
		};
/* End PBXSourcesBuildPhase section */

/* Begin PBXTargetDependency section */
		46CB794D2A9CDC81004E620D /* PBXTargetDependency */ = {
			isa = PBXTargetDependency;
			target = 46CB79462A9CDC81004E620D /* PayloadModification */;
			targetProxy = 46CB794C2A9CDC81004E620D /* PBXContainerItemProxy */;
		};
		46CB796A2A9CF0BE004E620D /* PBXTargetDependency */ = {
			isa = PBXTargetDependency;
			target = 46CB795B2A9CF0BE004E620D /* CustomNotificationUI */;
			targetProxy = 46CB79692A9CF0BE004E620D /* PBXContainerItemProxy */;
		};
		46F79FF02AA8D27800303A68 /* PBXTargetDependency */ = {
			isa = PBXTargetDependency;
			target = 468B479A2A98F2DB00169BE7 /* AppCommonServices */;
			targetProxy = 46F79FEF2AA8D27800303A68 /* PBXContainerItemProxy */;
		};
/* End PBXTargetDependency section */

/* Begin PBXVariantGroup section */
		468B47A42A98F2DB00169BE7 /* Main.storyboard */ = {
			isa = PBXVariantGroup;
			children = (
				468B47A52A98F2DB00169BE7 /* Base */,
			);
			name = Main.storyboard;
			sourceTree = "<group>";
		};
		468B47A92A98F2DC00169BE7 /* LaunchScreen.storyboard */ = {
			isa = PBXVariantGroup;
			children = (
				468B47AA2A98F2DC00169BE7 /* Base */,
			);
			name = LaunchScreen.storyboard;
			sourceTree = "<group>";
		};
		46CB79652A9CF0BE004E620D /* MainInterface.storyboard */ = {
			isa = PBXVariantGroup;
			children = (
				46CB79662A9CF0BE004E620D /* Base */,
			);
			name = MainInterface.storyboard;
			sourceTree = "<group>";
		};
/* End PBXVariantGroup section */

/* Begin XCBuildConfiguration section */
		46747A7B2AAF3E3600B2A22F /* Alpha */ = {
			isa = XCBuildConfiguration;
			baseConfigurationReference = 46747A842AAF636800B2A22F /* Secrets.xcconfig */;
			buildSettings = {
				ALWAYS_SEARCH_USER_PATHS = NO;
				ASSETCATALOG_COMPILER_APPICON_NAME = AppIcon;
				CLANG_ANALYZER_NONNULL = YES;
				CLANG_ANALYZER_NUMBER_OBJECT_CONVERSION = YES_AGGRESSIVE;
				CLANG_CXX_LANGUAGE_STANDARD = "gnu++20";
				CLANG_ENABLE_MODULES = YES;
				CLANG_ENABLE_OBJC_ARC = YES;
				CLANG_ENABLE_OBJC_WEAK = YES;
				CLANG_WARN_BLOCK_CAPTURE_AUTORELEASING = YES;
				CLANG_WARN_BOOL_CONVERSION = YES;
				CLANG_WARN_COMMA = YES;
				CLANG_WARN_CONSTANT_CONVERSION = YES;
				CLANG_WARN_DEPRECATED_OBJC_IMPLEMENTATIONS = YES;
				CLANG_WARN_DIRECT_OBJC_ISA_USAGE = YES_ERROR;
				CLANG_WARN_DOCUMENTATION_COMMENTS = YES;
				CLANG_WARN_EMPTY_BODY = YES;
				CLANG_WARN_ENUM_CONVERSION = YES;
				CLANG_WARN_INFINITE_RECURSION = YES;
				CLANG_WARN_INT_CONVERSION = YES;
				CLANG_WARN_NON_LITERAL_NULL_CONVERSION = YES;
				CLANG_WARN_OBJC_IMPLICIT_RETAIN_SELF = YES;
				CLANG_WARN_OBJC_LITERAL_CONVERSION = YES;
				CLANG_WARN_OBJC_ROOT_CLASS = YES_ERROR;
				CLANG_WARN_QUOTED_INCLUDE_IN_FRAMEWORK_HEADER = YES;
				CLANG_WARN_RANGE_LOOP_ANALYSIS = YES;
				CLANG_WARN_STRICT_PROTOTYPES = YES;
				CLANG_WARN_SUSPICIOUS_MOVE = YES;
				CLANG_WARN_UNGUARDED_AVAILABILITY = YES_AGGRESSIVE;
				CLANG_WARN_UNREACHABLE_CODE = YES;
				CLANG_WARN__DUPLICATE_METHOD_MATCH = YES;
				COPY_PHASE_STRIP = NO;
				DEBUG_INFORMATION_FORMAT = "dwarf-with-dsym";
				ENABLE_NS_ASSERTIONS = NO;
				ENABLE_STRICT_OBJC_MSGSEND = YES;
				GCC_C_LANGUAGE_STANDARD = gnu11;
				GCC_NO_COMMON_BLOCKS = YES;
				GCC_WARN_64_TO_32_BIT_CONVERSION = YES;
				GCC_WARN_ABOUT_RETURN_TYPE = YES_ERROR;
				GCC_WARN_UNDECLARED_SELECTOR = YES;
				GCC_WARN_UNINITIALIZED_AUTOS = YES_AGGRESSIVE;
				GCC_WARN_UNUSED_FUNCTION = YES;
				GCC_WARN_UNUSED_VARIABLE = YES;
				IPHONEOS_DEPLOYMENT_TARGET = 16.4;
				MTL_ENABLE_DEBUG_INFO = NO;
				MTL_FAST_MATH = YES;
				PRODUCT_BUNDLE_IDENTIFIER = gosu1902.AppCommonServices;
				SDKROOT = iphoneos;
				SWIFT_COMPILATION_MODE = wholemodule;
				SWIFT_OPTIMIZATION_LEVEL = "-O";
				VALIDATE_PRODUCT = YES;
			};
			name = Alpha;
		};
		46747A7C2AAF3E3600B2A22F /* Alpha */ = {
			isa = XCBuildConfiguration;
			baseConfigurationReference = 46747A832AAF5D1100B2A22F /* Alpha.xcconfig */;
			buildSettings = {
				ALWAYS_EMBED_SWIFT_STANDARD_LIBRARIES = YES;
				ASSETCATALOG_COMPILER_APPICON_NAME = "$(inherited)";
				ASSETCATALOG_COMPILER_GLOBAL_ACCENT_COLOR_NAME = AccentColor;
				CODE_SIGN_ENTITLEMENTS = AppCommonServices/AppCommonServices.entitlements;
				CODE_SIGN_IDENTITY = "Apple Development";
				CODE_SIGN_STYLE = Automatic;
				CURRENT_PROJECT_VERSION = 10;
				DEVELOPMENT_TEAM = HLB4K7V9AN;
				GENERATE_INFOPLIST_FILE = YES;
				INFOPLIST_FILE = AppCommonServices/Info.plist;
				INFOPLIST_KEY_CFBundleDisplayName = "App Common Services";
				INFOPLIST_KEY_NSLocationWhenInUseUsageDescription = "Need your location";
				INFOPLIST_KEY_UIApplicationSupportsIndirectInputEvents = YES;
				INFOPLIST_KEY_UILaunchStoryboardName = LaunchScreen;
				INFOPLIST_KEY_UIMainStoryboardFile = Main;
				INFOPLIST_KEY_UISupportedInterfaceOrientations = UIInterfaceOrientationPortrait;
				INFOPLIST_KEY_UISupportedInterfaceOrientations_iPad = "UIInterfaceOrientationLandscapeLeft UIInterfaceOrientationLandscapeRight UIInterfaceOrientationPortrait UIInterfaceOrientationPortraitUpsideDown";
				LD_RUNPATH_SEARCH_PATHS = (
					"$(inherited)",
					"@executable_path/Frameworks",
				);
				MARKETING_VERSION = 1;
				PRODUCT_BUNDLE_IDENTIFIER = "$(inherited)";
				PRODUCT_NAME = "$(TARGET_NAME)";
				PROVISIONING_PROFILE_SPECIFIER = "";
				SUPPORTED_PLATFORMS = "iphoneos iphonesimulator";
				SUPPORTS_MACCATALYST = NO;
				SUPPORTS_MAC_DESIGNED_FOR_IPHONE_IPAD = NO;
				SWIFT_EMIT_LOC_STRINGS = YES;
				SWIFT_VERSION = 5.0;
				TARGETED_DEVICE_FAMILY = 1;
				VERSIONING_SYSTEM = "";
			};
			name = Alpha;
		};
		46747A7D2AAF3E3600B2A22F /* Alpha */ = {
			isa = XCBuildConfiguration;
			buildSettings = {
				CODE_SIGN_ENTITLEMENTS = PayloadModification/PayloadModification.entitlements;
				CODE_SIGN_IDENTITY = "Apple Development";
				CODE_SIGN_STYLE = Automatic;
				CURRENT_PROJECT_VERSION = 10;
				DEVELOPMENT_TEAM = HLB4K7V9AN;
				GENERATE_INFOPLIST_FILE = YES;
				INFOPLIST_FILE = PayloadModification/Info.plist;
				INFOPLIST_KEY_CFBundleDisplayName = PayloadModification;
				INFOPLIST_KEY_NSHumanReadableCopyright = "";
				LD_RUNPATH_SEARCH_PATHS = (
					"$(inherited)",
					"@executable_path/Frameworks",
					"@executable_path/../../Frameworks",
				);
				MARKETING_VERSION = 1;
				PRODUCT_BUNDLE_IDENTIFIER = gosu1902.AppCommonServices.alpha.PayloadModification;
				PRODUCT_NAME = "$(TARGET_NAME)";
				PROVISIONING_PROFILE_SPECIFIER = "";
				SKIP_INSTALL = YES;
				SWIFT_EMIT_LOC_STRINGS = YES;
				SWIFT_VERSION = 5.0;
				TARGETED_DEVICE_FAMILY = "1,2";
				VERSIONING_SYSTEM = "";
			};
			name = Alpha;
		};
		46747A7E2AAF3E3600B2A22F /* Alpha */ = {
			isa = XCBuildConfiguration;
			buildSettings = {
				CODE_SIGN_IDENTITY = "Apple Development";
				CODE_SIGN_STYLE = Automatic;
				CURRENT_PROJECT_VERSION = 10;
				DEVELOPMENT_TEAM = HLB4K7V9AN;
				GENERATE_INFOPLIST_FILE = YES;
				INFOPLIST_FILE = CustomNotificationUI/Info.plist;
				INFOPLIST_KEY_CFBundleDisplayName = CustomNotificationUI;
				INFOPLIST_KEY_NSHumanReadableCopyright = "";
				LD_RUNPATH_SEARCH_PATHS = (
					"$(inherited)",
					"@executable_path/Frameworks",
					"@executable_path/../../Frameworks",
				);
				MARKETING_VERSION = 1;
				PRODUCT_BUNDLE_IDENTIFIER = gosu1902.AppCommonServices.alpha.CustomNotificationUI;
				PRODUCT_NAME = "$(TARGET_NAME)";
				PROVISIONING_PROFILE_SPECIFIER = "";
				SKIP_INSTALL = YES;
				SWIFT_EMIT_LOC_STRINGS = YES;
				SWIFT_VERSION = 5.0;
				TARGETED_DEVICE_FAMILY = "1,2";
				VERSIONING_SYSTEM = "";
			};
			name = Alpha;
		};
		46747A7F2AAF3E3600B2A22F /* Alpha */ = {
			isa = XCBuildConfiguration;
			buildSettings = {
				BUNDLE_LOADER = "$(TEST_HOST)";
				CODE_SIGN_IDENTITY = "Apple Development";
				"CODE_SIGN_IDENTITY[sdk=iphoneos*]" = "Apple Distribution";
				"CODE_SIGN_IDENTITY[sdk=macosx*]" = "Apple Distribution";
				CODE_SIGN_STYLE = Manual;
				CURRENT_PROJECT_VERSION = 10;
				DEVELOPMENT_TEAM = "";
				"DEVELOPMENT_TEAM[sdk=iphoneos*]" = HLB4K7V9AN;
				"DEVELOPMENT_TEAM[sdk=macosx*]" = HLB4K7V9AN;
				GENERATE_INFOPLIST_FILE = YES;
				MARKETING_VERSION = 1.0;
				PRODUCT_BUNDLE_IDENTIFIER = gosu1902.AppCommonServicesTests;
				PRODUCT_NAME = "$(TARGET_NAME)";
				PROVISIONING_PROFILE_SPECIFIER = "";
				"PROVISIONING_PROFILE_SPECIFIER[sdk=iphoneos*]" = "";
				SWIFT_EMIT_LOC_STRINGS = NO;
				SWIFT_VERSION = 5.0;
				TARGETED_DEVICE_FAMILY = "1,2";
				TEST_HOST = "$(BUILT_PRODUCTS_DIR)/AppCommonServices.app/AppCommonServices";
			};
			name = Alpha;
		};
		468B47AD2A98F2DC00169BE7 /* Debug */ = {
			isa = XCBuildConfiguration;
			baseConfigurationReference = 46747A842AAF636800B2A22F /* Secrets.xcconfig */;
			buildSettings = {
				ALWAYS_SEARCH_USER_PATHS = NO;
				ASSETCATALOG_COMPILER_APPICON_NAME = AppIcon;
				CLANG_ANALYZER_NONNULL = YES;
				CLANG_ANALYZER_NUMBER_OBJECT_CONVERSION = YES_AGGRESSIVE;
				CLANG_CXX_LANGUAGE_STANDARD = "gnu++20";
				CLANG_ENABLE_MODULES = YES;
				CLANG_ENABLE_OBJC_ARC = YES;
				CLANG_ENABLE_OBJC_WEAK = YES;
				CLANG_WARN_BLOCK_CAPTURE_AUTORELEASING = YES;
				CLANG_WARN_BOOL_CONVERSION = YES;
				CLANG_WARN_COMMA = YES;
				CLANG_WARN_CONSTANT_CONVERSION = YES;
				CLANG_WARN_DEPRECATED_OBJC_IMPLEMENTATIONS = YES;
				CLANG_WARN_DIRECT_OBJC_ISA_USAGE = YES_ERROR;
				CLANG_WARN_DOCUMENTATION_COMMENTS = YES;
				CLANG_WARN_EMPTY_BODY = YES;
				CLANG_WARN_ENUM_CONVERSION = YES;
				CLANG_WARN_INFINITE_RECURSION = YES;
				CLANG_WARN_INT_CONVERSION = YES;
				CLANG_WARN_NON_LITERAL_NULL_CONVERSION = YES;
				CLANG_WARN_OBJC_IMPLICIT_RETAIN_SELF = YES;
				CLANG_WARN_OBJC_LITERAL_CONVERSION = YES;
				CLANG_WARN_OBJC_ROOT_CLASS = YES_ERROR;
				CLANG_WARN_QUOTED_INCLUDE_IN_FRAMEWORK_HEADER = YES;
				CLANG_WARN_RANGE_LOOP_ANALYSIS = YES;
				CLANG_WARN_STRICT_PROTOTYPES = YES;
				CLANG_WARN_SUSPICIOUS_MOVE = YES;
				CLANG_WARN_UNGUARDED_AVAILABILITY = YES_AGGRESSIVE;
				CLANG_WARN_UNREACHABLE_CODE = YES;
				CLANG_WARN__DUPLICATE_METHOD_MATCH = YES;
				COPY_PHASE_STRIP = NO;
				DEBUG_INFORMATION_FORMAT = dwarf;
				ENABLE_STRICT_OBJC_MSGSEND = YES;
				ENABLE_TESTABILITY = YES;
				GCC_C_LANGUAGE_STANDARD = gnu11;
				GCC_DYNAMIC_NO_PIC = NO;
				GCC_NO_COMMON_BLOCKS = YES;
				GCC_OPTIMIZATION_LEVEL = 0;
				GCC_PREPROCESSOR_DEFINITIONS = (
					"DEBUG=1",
					"$(inherited)",
				);
				GCC_WARN_64_TO_32_BIT_CONVERSION = YES;
				GCC_WARN_ABOUT_RETURN_TYPE = YES_ERROR;
				GCC_WARN_UNDECLARED_SELECTOR = YES;
				GCC_WARN_UNINITIALIZED_AUTOS = YES_AGGRESSIVE;
				GCC_WARN_UNUSED_FUNCTION = YES;
				GCC_WARN_UNUSED_VARIABLE = YES;
				IPHONEOS_DEPLOYMENT_TARGET = 16.4;
				MTL_ENABLE_DEBUG_INFO = INCLUDE_SOURCE;
				MTL_FAST_MATH = YES;
				ONLY_ACTIVE_ARCH = YES;
				PRODUCT_BUNDLE_IDENTIFIER = gosu1902.AppCommonServices;
				SDKROOT = iphoneos;
				SWIFT_ACTIVE_COMPILATION_CONDITIONS = DEBUG;
				SWIFT_OPTIMIZATION_LEVEL = "-Onone";
			};
			name = Debug;
		};
		468B47AE2A98F2DC00169BE7 /* Release */ = {
			isa = XCBuildConfiguration;
			baseConfigurationReference = 46747A842AAF636800B2A22F /* Secrets.xcconfig */;
			buildSettings = {
				ALWAYS_SEARCH_USER_PATHS = NO;
				ASSETCATALOG_COMPILER_APPICON_NAME = AppIcon;
				CLANG_ANALYZER_NONNULL = YES;
				CLANG_ANALYZER_NUMBER_OBJECT_CONVERSION = YES_AGGRESSIVE;
				CLANG_CXX_LANGUAGE_STANDARD = "gnu++20";
				CLANG_ENABLE_MODULES = YES;
				CLANG_ENABLE_OBJC_ARC = YES;
				CLANG_ENABLE_OBJC_WEAK = YES;
				CLANG_WARN_BLOCK_CAPTURE_AUTORELEASING = YES;
				CLANG_WARN_BOOL_CONVERSION = YES;
				CLANG_WARN_COMMA = YES;
				CLANG_WARN_CONSTANT_CONVERSION = YES;
				CLANG_WARN_DEPRECATED_OBJC_IMPLEMENTATIONS = YES;
				CLANG_WARN_DIRECT_OBJC_ISA_USAGE = YES_ERROR;
				CLANG_WARN_DOCUMENTATION_COMMENTS = YES;
				CLANG_WARN_EMPTY_BODY = YES;
				CLANG_WARN_ENUM_CONVERSION = YES;
				CLANG_WARN_INFINITE_RECURSION = YES;
				CLANG_WARN_INT_CONVERSION = YES;
				CLANG_WARN_NON_LITERAL_NULL_CONVERSION = YES;
				CLANG_WARN_OBJC_IMPLICIT_RETAIN_SELF = YES;
				CLANG_WARN_OBJC_LITERAL_CONVERSION = YES;
				CLANG_WARN_OBJC_ROOT_CLASS = YES_ERROR;
				CLANG_WARN_QUOTED_INCLUDE_IN_FRAMEWORK_HEADER = YES;
				CLANG_WARN_RANGE_LOOP_ANALYSIS = YES;
				CLANG_WARN_STRICT_PROTOTYPES = YES;
				CLANG_WARN_SUSPICIOUS_MOVE = YES;
				CLANG_WARN_UNGUARDED_AVAILABILITY = YES_AGGRESSIVE;
				CLANG_WARN_UNREACHABLE_CODE = YES;
				CLANG_WARN__DUPLICATE_METHOD_MATCH = YES;
				COPY_PHASE_STRIP = NO;
				DEBUG_INFORMATION_FORMAT = "dwarf-with-dsym";
				ENABLE_NS_ASSERTIONS = NO;
				ENABLE_STRICT_OBJC_MSGSEND = YES;
				GCC_C_LANGUAGE_STANDARD = gnu11;
				GCC_NO_COMMON_BLOCKS = YES;
				GCC_WARN_64_TO_32_BIT_CONVERSION = YES;
				GCC_WARN_ABOUT_RETURN_TYPE = YES_ERROR;
				GCC_WARN_UNDECLARED_SELECTOR = YES;
				GCC_WARN_UNINITIALIZED_AUTOS = YES_AGGRESSIVE;
				GCC_WARN_UNUSED_FUNCTION = YES;
				GCC_WARN_UNUSED_VARIABLE = YES;
				IPHONEOS_DEPLOYMENT_TARGET = 16.4;
				MTL_ENABLE_DEBUG_INFO = NO;
				MTL_FAST_MATH = YES;
				PRODUCT_BUNDLE_IDENTIFIER = gosu1902.AppCommonServices;
				SDKROOT = iphoneos;
				SWIFT_COMPILATION_MODE = wholemodule;
				SWIFT_OPTIMIZATION_LEVEL = "-O";
				VALIDATE_PRODUCT = YES;
			};
			name = Release;
		};
		468B47B02A98F2DC00169BE7 /* Debug */ = {
			isa = XCBuildConfiguration;
			baseConfigurationReference = 46747A822AAF4C5200B2A22F /* Dev.xcconfig */;
			buildSettings = {
				ALWAYS_EMBED_SWIFT_STANDARD_LIBRARIES = YES;
				ASSETCATALOG_COMPILER_APPICON_NAME = "$(inherited)";
				ASSETCATALOG_COMPILER_GLOBAL_ACCENT_COLOR_NAME = AccentColor;
				CODE_SIGN_ENTITLEMENTS = AppCommonServices/AppCommonServices.entitlements;
				CODE_SIGN_IDENTITY = "Apple Development";
				"CODE_SIGN_IDENTITY[sdk=iphoneos*]" = "Apple Development";
				CODE_SIGN_STYLE = Automatic;
				CURRENT_PROJECT_VERSION = 10;
				DEBUG_INFORMATION_FORMAT = "dwarf-with-dsym";
				DEVELOPMENT_TEAM = "";
				"DEVELOPMENT_TEAM[sdk=iphoneos*]" = HLB4K7V9AN;
				GENERATE_INFOPLIST_FILE = YES;
				INFOPLIST_FILE = AppCommonServices/Info.plist;
				INFOPLIST_KEY_CFBundleDisplayName = "App Common Services";
				INFOPLIST_KEY_NSLocationWhenInUseUsageDescription = "Need your location";
				INFOPLIST_KEY_UIApplicationSupportsIndirectInputEvents = YES;
				INFOPLIST_KEY_UILaunchStoryboardName = LaunchScreen;
				INFOPLIST_KEY_UIMainStoryboardFile = Main;
				INFOPLIST_KEY_UISupportedInterfaceOrientations = UIInterfaceOrientationPortrait;
				INFOPLIST_KEY_UISupportedInterfaceOrientations_iPad = "UIInterfaceOrientationLandscapeLeft UIInterfaceOrientationLandscapeRight UIInterfaceOrientationPortrait UIInterfaceOrientationPortraitUpsideDown";
				LD_RUNPATH_SEARCH_PATHS = (
					"$(inherited)",
					"@executable_path/Frameworks",
				);
				MARKETING_VERSION = 1;
				PRODUCT_BUNDLE_IDENTIFIER = "$(inherited)";
				"PRODUCT_BUNDLE_IDENTIFIER[sdk=iphoneos*]" = gosu1902.AppCommonServices.dev;
				PRODUCT_NAME = "$(TARGET_NAME)";
				PROVISIONING_PROFILE_SPECIFIER = "";
				"PROVISIONING_PROFILE_SPECIFIER[sdk=iphoneos*]" = "";
				SUPPORTED_PLATFORMS = "iphoneos iphonesimulator";
				SUPPORTS_MACCATALYST = NO;
				SUPPORTS_MAC_DESIGNED_FOR_IPHONE_IPAD = NO;
				SWIFT_EMIT_LOC_STRINGS = YES;
				SWIFT_VERSION = 5.0;
				TARGETED_DEVICE_FAMILY = 1;
				VERSIONING_SYSTEM = "";
			};
			name = Debug;
		};
		468B47B12A98F2DC00169BE7 /* Release */ = {
			isa = XCBuildConfiguration;
			buildSettings = {
				ALWAYS_EMBED_SWIFT_STANDARD_LIBRARIES = YES;
				ASSETCATALOG_COMPILER_APPICON_NAME = AppIcon;
				ASSETCATALOG_COMPILER_GLOBAL_ACCENT_COLOR_NAME = AccentColor;
				CODE_SIGN_ENTITLEMENTS = AppCommonServices/AppCommonServices.entitlements;
				CODE_SIGN_IDENTITY = "Apple Distribution";
				"CODE_SIGN_IDENTITY[sdk=iphoneos*]" = "iPhone Distribution";
				CODE_SIGN_STYLE = Manual;
				CURRENT_PROJECT_VERSION = 10;
				DEVELOPMENT_TEAM = "";
				"DEVELOPMENT_TEAM[sdk=iphoneos*]" = HLB4K7V9AN;
				GENERATE_INFOPLIST_FILE = YES;
				INFOPLIST_FILE = AppCommonServices/Info.plist;
				INFOPLIST_KEY_CFBundleDisplayName = "App Common Services";
				INFOPLIST_KEY_NSLocationWhenInUseUsageDescription = "Need your location";
				INFOPLIST_KEY_UIApplicationSupportsIndirectInputEvents = YES;
				INFOPLIST_KEY_UILaunchStoryboardName = LaunchScreen;
				INFOPLIST_KEY_UIMainStoryboardFile = Main;
				INFOPLIST_KEY_UISupportedInterfaceOrientations = UIInterfaceOrientationPortrait;
				INFOPLIST_KEY_UISupportedInterfaceOrientations_iPad = "UIInterfaceOrientationLandscapeLeft UIInterfaceOrientationLandscapeRight UIInterfaceOrientationPortrait UIInterfaceOrientationPortraitUpsideDown";
				LD_RUNPATH_SEARCH_PATHS = (
					"$(inherited)",
					"@executable_path/Frameworks",
				);
				MARKETING_VERSION = 1;
				PRODUCT_BUNDLE_IDENTIFIER = gosu1902.AppCommonServices;
				PRODUCT_NAME = "$(TARGET_NAME)";
				PROVISIONING_PROFILE_SPECIFIER = "";
				"PROVISIONING_PROFILE_SPECIFIER[sdk=iphoneos*]" = "AppCommonServices Provisioning Profile";
				SUPPORTED_PLATFORMS = "iphoneos iphonesimulator";
				SUPPORTS_MACCATALYST = NO;
				SUPPORTS_MAC_DESIGNED_FOR_IPHONE_IPAD = NO;
				SWIFT_EMIT_LOC_STRINGS = YES;
				SWIFT_VERSION = 5.0;
				TARGETED_DEVICE_FAMILY = 1;
				VERSIONING_SYSTEM = "";
			};
			name = Release;
		};
		46CB79502A9CDC81004E620D /* Debug */ = {
			isa = XCBuildConfiguration;
			buildSettings = {
				CODE_SIGN_ENTITLEMENTS = PayloadModification/PayloadModification.entitlements;
				CODE_SIGN_IDENTITY = "Apple Development";
				"CODE_SIGN_IDENTITY[sdk=iphoneos*]" = "Apple Development";
				CODE_SIGN_STYLE = Automatic;
				CURRENT_PROJECT_VERSION = 10;
				DEVELOPMENT_TEAM = "";
				"DEVELOPMENT_TEAM[sdk=iphoneos*]" = HLB4K7V9AN;
				GENERATE_INFOPLIST_FILE = YES;
				INFOPLIST_FILE = PayloadModification/Info.plist;
				INFOPLIST_KEY_CFBundleDisplayName = PayloadModification;
				INFOPLIST_KEY_NSHumanReadableCopyright = "";
				LD_RUNPATH_SEARCH_PATHS = (
					"$(inherited)",
					"@executable_path/Frameworks",
					"@executable_path/../../Frameworks",
				);
				MARKETING_VERSION = 1;
				PRODUCT_BUNDLE_IDENTIFIER = gosu1902.AppCommonServices.dev.PayloadModification;
				PRODUCT_NAME = "$(TARGET_NAME)";
				PROVISIONING_PROFILE_SPECIFIER = "";
				"PROVISIONING_PROFILE_SPECIFIER[sdk=iphoneos*]" = "";
				SKIP_INSTALL = YES;
				SWIFT_EMIT_LOC_STRINGS = YES;
				SWIFT_VERSION = 5.0;
				TARGETED_DEVICE_FAMILY = "1,2";
				VERSIONING_SYSTEM = "";
			};
			name = Debug;
		};
		46CB79512A9CDC81004E620D /* Release */ = {
			isa = XCBuildConfiguration;
			buildSettings = {
				CODE_SIGN_ENTITLEMENTS = PayloadModification/PayloadModification.entitlements;
				CODE_SIGN_IDENTITY = "Apple Distribution";
				"CODE_SIGN_IDENTITY[sdk=iphoneos*]" = "iPhone Distribution";
				CODE_SIGN_STYLE = Manual;
				CURRENT_PROJECT_VERSION = 10;
				DEVELOPMENT_TEAM = "";
				"DEVELOPMENT_TEAM[sdk=iphoneos*]" = HLB4K7V9AN;
				GENERATE_INFOPLIST_FILE = YES;
				INFOPLIST_FILE = PayloadModification/Info.plist;
				INFOPLIST_KEY_CFBundleDisplayName = PayloadModification;
				INFOPLIST_KEY_NSHumanReadableCopyright = "";
				LD_RUNPATH_SEARCH_PATHS = (
					"$(inherited)",
					"@executable_path/Frameworks",
					"@executable_path/../../Frameworks",
				);
				MARKETING_VERSION = 1;
				PRODUCT_BUNDLE_IDENTIFIER = gosu1902.AppCommonServices.PayloadModification;
				PRODUCT_NAME = "$(TARGET_NAME)";
				PROVISIONING_PROFILE_SPECIFIER = "";
				"PROVISIONING_PROFILE_SPECIFIER[sdk=iphoneos*]" = "AppCommonServices Payload Provisioning Profile";
				SKIP_INSTALL = YES;
				SWIFT_EMIT_LOC_STRINGS = YES;
				SWIFT_VERSION = 5.0;
				TARGETED_DEVICE_FAMILY = "1,2";
				VERSIONING_SYSTEM = "";
			};
			name = Release;
		};
		46CB796D2A9CF0BE004E620D /* Debug */ = {
			isa = XCBuildConfiguration;
			buildSettings = {
				CODE_SIGN_IDENTITY = "Apple Development";
				"CODE_SIGN_IDENTITY[sdk=iphoneos*]" = "Apple Development";
				CODE_SIGN_STYLE = Automatic;
				CURRENT_PROJECT_VERSION = 10;
				DEVELOPMENT_TEAM = "";
				"DEVELOPMENT_TEAM[sdk=iphoneos*]" = HLB4K7V9AN;
				GENERATE_INFOPLIST_FILE = YES;
				INFOPLIST_FILE = CustomNotificationUI/Info.plist;
				INFOPLIST_KEY_CFBundleDisplayName = CustomNotificationUI;
				INFOPLIST_KEY_NSHumanReadableCopyright = "";
				LD_RUNPATH_SEARCH_PATHS = (
					"$(inherited)",
					"@executable_path/Frameworks",
					"@executable_path/../../Frameworks",
				);
				MARKETING_VERSION = 1;
				PRODUCT_BUNDLE_IDENTIFIER = gosu1902.AppCommonServices.dev.CustomNotificationUI;
				PRODUCT_NAME = "$(TARGET_NAME)";
				PROVISIONING_PROFILE_SPECIFIER = "";
				"PROVISIONING_PROFILE_SPECIFIER[sdk=iphoneos*]" = "";
				SKIP_INSTALL = YES;
				SWIFT_EMIT_LOC_STRINGS = YES;
				SWIFT_VERSION = 5.0;
				TARGETED_DEVICE_FAMILY = "1,2";
				VERSIONING_SYSTEM = "";
			};
			name = Debug;
		};
		46CB796E2A9CF0BE004E620D /* Release */ = {
			isa = XCBuildConfiguration;
			buildSettings = {
				CODE_SIGN_IDENTITY = "Apple Distribution";
				"CODE_SIGN_IDENTITY[sdk=iphoneos*]" = "iPhone Distribution";
				CODE_SIGN_STYLE = Manual;
				CURRENT_PROJECT_VERSION = 10;
				DEVELOPMENT_TEAM = "";
				"DEVELOPMENT_TEAM[sdk=iphoneos*]" = HLB4K7V9AN;
				GENERATE_INFOPLIST_FILE = YES;
				INFOPLIST_FILE = CustomNotificationUI/Info.plist;
				INFOPLIST_KEY_CFBundleDisplayName = CustomNotificationUI;
				INFOPLIST_KEY_NSHumanReadableCopyright = "";
				LD_RUNPATH_SEARCH_PATHS = (
					"$(inherited)",
					"@executable_path/Frameworks",
					"@executable_path/../../Frameworks",
				);
				MARKETING_VERSION = 1;
				PRODUCT_BUNDLE_IDENTIFIER = gosu1902.AppCommonServices.CustomNotificationUI;
				PRODUCT_NAME = "$(TARGET_NAME)";
				PROVISIONING_PROFILE_SPECIFIER = "";
				"PROVISIONING_PROFILE_SPECIFIER[sdk=iphoneos*]" = "AppCommonServices CustomNotificationUI Provisionin";
				SKIP_INSTALL = YES;
				SWIFT_EMIT_LOC_STRINGS = YES;
				SWIFT_VERSION = 5.0;
				TARGETED_DEVICE_FAMILY = "1,2";
				VERSIONING_SYSTEM = "";
			};
			name = Release;
		};
		46F79FF22AA8D27800303A68 /* Debug */ = {
			isa = XCBuildConfiguration;
			buildSettings = {
				BUNDLE_LOADER = "$(TEST_HOST)";
				CODE_SIGN_IDENTITY = "Apple Development";
				"CODE_SIGN_IDENTITY[sdk=iphoneos*]" = "Apple Distribution";
				"CODE_SIGN_IDENTITY[sdk=macosx*]" = "Apple Distribution";
				CODE_SIGN_STYLE = Manual;
				CURRENT_PROJECT_VERSION = 10;
				DEVELOPMENT_TEAM = "";
				"DEVELOPMENT_TEAM[sdk=iphoneos*]" = HLB4K7V9AN;
				"DEVELOPMENT_TEAM[sdk=macosx*]" = HLB4K7V9AN;
				GENERATE_INFOPLIST_FILE = YES;
				MARKETING_VERSION = 1.0;
				PRODUCT_BUNDLE_IDENTIFIER = gosu1902.AppCommonServicesTests;
				PRODUCT_NAME = "$(TARGET_NAME)";
				PROVISIONING_PROFILE_SPECIFIER = "";
				"PROVISIONING_PROFILE_SPECIFIER[sdk=iphoneos*]" = "";
				SWIFT_EMIT_LOC_STRINGS = NO;
				SWIFT_VERSION = 5.0;
				TARGETED_DEVICE_FAMILY = "1,2";
				TEST_HOST = "$(BUILT_PRODUCTS_DIR)/AppCommonServices.app/AppCommonServices";
			};
			name = Debug;
		};
		46F79FF32AA8D27800303A68 /* Release */ = {
			isa = XCBuildConfiguration;
			buildSettings = {
				BUNDLE_LOADER = "$(TEST_HOST)";
				CODE_SIGN_IDENTITY = "Apple Development";
				"CODE_SIGN_IDENTITY[sdk=iphoneos*]" = "Apple Distribution";
				"CODE_SIGN_IDENTITY[sdk=macosx*]" = "Apple Distribution";
				CODE_SIGN_STYLE = Manual;
				CURRENT_PROJECT_VERSION = 10;
				DEVELOPMENT_TEAM = "";
				"DEVELOPMENT_TEAM[sdk=iphoneos*]" = HLB4K7V9AN;
				"DEVELOPMENT_TEAM[sdk=macosx*]" = HLB4K7V9AN;
				GENERATE_INFOPLIST_FILE = YES;
				MARKETING_VERSION = 1.0;
				PRODUCT_BUNDLE_IDENTIFIER = gosu1902.AppCommonServicesTests;
				PRODUCT_NAME = "$(TARGET_NAME)";
				PROVISIONING_PROFILE_SPECIFIER = "";
				"PROVISIONING_PROFILE_SPECIFIER[sdk=iphoneos*]" = "";
				SWIFT_EMIT_LOC_STRINGS = NO;
				SWIFT_VERSION = 5.0;
				TARGETED_DEVICE_FAMILY = "1,2";
				TEST_HOST = "$(BUILT_PRODUCTS_DIR)/AppCommonServices.app/AppCommonServices";
			};
			name = Release;
		};
/* End XCBuildConfiguration section */

/* Begin XCConfigurationList section */
		468B47962A98F2DB00169BE7 /* Build configuration list for PBXProject "AppCommonServices" */ = {
			isa = XCConfigurationList;
			buildConfigurations = (
				468B47AD2A98F2DC00169BE7 /* Debug */,
				468B47AE2A98F2DC00169BE7 /* Release */,
				46747A7B2AAF3E3600B2A22F /* Alpha */,
			);
			defaultConfigurationIsVisible = 0;
			defaultConfigurationName = Release;
		};
		468B47AF2A98F2DC00169BE7 /* Build configuration list for PBXNativeTarget "AppCommonServices" */ = {
			isa = XCConfigurationList;
			buildConfigurations = (
				468B47B02A98F2DC00169BE7 /* Debug */,
				468B47B12A98F2DC00169BE7 /* Release */,
				46747A7C2AAF3E3600B2A22F /* Alpha */,
			);
			defaultConfigurationIsVisible = 0;
			defaultConfigurationName = Release;
		};
		46CB79522A9CDC81004E620D /* Build configuration list for PBXNativeTarget "PayloadModification" */ = {
			isa = XCConfigurationList;
			buildConfigurations = (
				46CB79502A9CDC81004E620D /* Debug */,
				46CB79512A9CDC81004E620D /* Release */,
				46747A7D2AAF3E3600B2A22F /* Alpha */,
			);
			defaultConfigurationIsVisible = 0;
			defaultConfigurationName = Release;
		};
		46CB796C2A9CF0BE004E620D /* Build configuration list for PBXNativeTarget "CustomNotificationUI" */ = {
			isa = XCConfigurationList;
			buildConfigurations = (
				46CB796D2A9CF0BE004E620D /* Debug */,
				46CB796E2A9CF0BE004E620D /* Release */,
				46747A7E2AAF3E3600B2A22F /* Alpha */,
			);
			defaultConfigurationIsVisible = 0;
			defaultConfigurationName = Release;
		};
		46F79FF12AA8D27800303A68 /* Build configuration list for PBXNativeTarget "AppCommonServicesTests" */ = {
			isa = XCConfigurationList;
			buildConfigurations = (
				46F79FF22AA8D27800303A68 /* Debug */,
				46F79FF32AA8D27800303A68 /* Release */,
				46747A7F2AAF3E3600B2A22F /* Alpha */,
			);
			defaultConfigurationIsVisible = 0;
			defaultConfigurationName = Release;
		};
/* End XCConfigurationList section */

/* Begin XCRemoteSwiftPackageReference section */
		464EA2042AA822D30059B338 /* XCRemoteSwiftPackageReference "firebase-ios-sdk" */ = {
			isa = XCRemoteSwiftPackageReference;
			repositoryURL = "https://github.com/firebase/firebase-ios-sdk";
			requirement = {
				kind = upToNextMajorVersion;
				minimumVersion = 10.0.0;
			};
		};
		466433162AAB53A1008B1453 /* XCRemoteSwiftPackageReference "purchases-ios" */ = {
			isa = XCRemoteSwiftPackageReference;
			repositoryURL = "https://github.com/RevenueCat/purchases-ios/";
			requirement = {
				kind = upToNextMajorVersion;
				minimumVersion = 4.0.0;
			};
		};
		46961CA12AA98B660054B8F2 /* XCRemoteSwiftPackageReference "TPInAppReceipt" */ = {
			isa = XCRemoteSwiftPackageReference;
			repositoryURL = "https://github.com/tikhop/TPInAppReceipt";
			requirement = {
				kind = upToNextMajorVersion;
				minimumVersion = 3.0.0;
			};
		};
		46F79FE42AA8C56900303A68 /* XCRemoteSwiftPackageReference "SwiftKeychainWrapper" */ = {
			isa = XCRemoteSwiftPackageReference;
			repositoryURL = "https://github.com/jrendel/SwiftKeychainWrapper";
			requirement = {
				kind = upToNextMajorVersion;
				minimumVersion = 4.0.0;
			};
		};
		B68B89A82AA49CEC00ABBDFD /* XCRemoteSwiftPackageReference "swift-package-manager-google-mobile-ads" */ = {
			isa = XCRemoteSwiftPackageReference;
			repositoryURL = "https://github.com/googleads/swift-package-manager-google-mobile-ads.git";
			requirement = {
				kind = upToNextMajorVersion;
				minimumVersion = 10.0.0;
			};
		};
/* End XCRemoteSwiftPackageReference section */

/* Begin XCSwiftPackageProductDependency section */
		464EA2052AA822D30059B338 /* FirebaseAnalytics */ = {
			isa = XCSwiftPackageProductDependency;
			package = 464EA2042AA822D30059B338 /* XCRemoteSwiftPackageReference "firebase-ios-sdk" */;
			productName = FirebaseAnalytics;
		};
		464EA2072AA822D30059B338 /* FirebaseAnalyticsSwift */ = {
			isa = XCSwiftPackageProductDependency;
			package = 464EA2042AA822D30059B338 /* XCRemoteSwiftPackageReference "firebase-ios-sdk" */;
			productName = FirebaseAnalyticsSwift;
		};
		464EA2092AA822D30059B338 /* FirebaseAuth */ = {
			isa = XCSwiftPackageProductDependency;
			package = 464EA2042AA822D30059B338 /* XCRemoteSwiftPackageReference "firebase-ios-sdk" */;
			productName = FirebaseAuth;
		};
		464EA20B2AA822D30059B338 /* FirebaseCrashlytics */ = {
			isa = XCSwiftPackageProductDependency;
			package = 464EA2042AA822D30059B338 /* XCRemoteSwiftPackageReference "firebase-ios-sdk" */;
			productName = FirebaseCrashlytics;
		};
		464EA20D2AA822D30059B338 /* FirebaseDynamicLinks */ = {
			isa = XCSwiftPackageProductDependency;
			package = 464EA2042AA822D30059B338 /* XCRemoteSwiftPackageReference "firebase-ios-sdk" */;
			productName = FirebaseDynamicLinks;
		};
		464EA20F2AA822D30059B338 /* FirebaseFirestore */ = {
			isa = XCSwiftPackageProductDependency;
			package = 464EA2042AA822D30059B338 /* XCRemoteSwiftPackageReference "firebase-ios-sdk" */;
			productName = FirebaseFirestore;
		};
		464EA2112AA822D30059B338 /* FirebaseFirestoreSwift */ = {
			isa = XCSwiftPackageProductDependency;
			package = 464EA2042AA822D30059B338 /* XCRemoteSwiftPackageReference "firebase-ios-sdk" */;
			productName = FirebaseFirestoreSwift;
		};
		464EA2132AA822D30059B338 /* FirebaseInstallations */ = {
			isa = XCSwiftPackageProductDependency;
			package = 464EA2042AA822D30059B338 /* XCRemoteSwiftPackageReference "firebase-ios-sdk" */;
			productName = FirebaseInstallations;
		};
		464EA2152AA822D30059B338 /* FirebaseMessaging */ = {
			isa = XCSwiftPackageProductDependency;
			package = 464EA2042AA822D30059B338 /* XCRemoteSwiftPackageReference "firebase-ios-sdk" */;
			productName = FirebaseMessaging;
		};
		464EA2172AA822D30059B338 /* FirebasePerformance */ = {
			isa = XCSwiftPackageProductDependency;
			package = 464EA2042AA822D30059B338 /* XCRemoteSwiftPackageReference "firebase-ios-sdk" */;
			productName = FirebasePerformance;
		};
		464EA2192AA822D30059B338 /* FirebaseRemoteConfig */ = {
			isa = XCSwiftPackageProductDependency;
			package = 464EA2042AA822D30059B338 /* XCRemoteSwiftPackageReference "firebase-ios-sdk" */;
			productName = FirebaseRemoteConfig;
		};
		464EA21B2AA822D30059B338 /* FirebaseRemoteConfigSwift */ = {
			isa = XCSwiftPackageProductDependency;
			package = 464EA2042AA822D30059B338 /* XCRemoteSwiftPackageReference "firebase-ios-sdk" */;
			productName = FirebaseRemoteConfigSwift;
		};
		464EA21D2AA822D30059B338 /* FirebaseStorage */ = {
			isa = XCSwiftPackageProductDependency;
			package = 464EA2042AA822D30059B338 /* XCRemoteSwiftPackageReference "firebase-ios-sdk" */;
			productName = FirebaseStorage;
		};
		466433172AAB53A2008B1453 /* RevenueCat */ = {
			isa = XCSwiftPackageProductDependency;
			package = 466433162AAB53A1008B1453 /* XCRemoteSwiftPackageReference "purchases-ios" */;
			productName = RevenueCat;
		};
		46961CA22AA98B660054B8F2 /* TPInAppReceipt */ = {
			isa = XCSwiftPackageProductDependency;
			package = 46961CA12AA98B660054B8F2 /* XCRemoteSwiftPackageReference "TPInAppReceipt" */;
			productName = TPInAppReceipt;
		};
		46F79FE52AA8C56900303A68 /* SwiftKeychainWrapper */ = {
			isa = XCSwiftPackageProductDependency;
			package = 46F79FE42AA8C56900303A68 /* XCRemoteSwiftPackageReference "SwiftKeychainWrapper" */;
			productName = SwiftKeychainWrapper;
		};
		B68B898E2AA48F4500ABBDFD /* FirebaseAnalytics */ = {
			isa = XCSwiftPackageProductDependency;
			productName = FirebaseAnalytics;
		};
		B68B89902AA48F4500ABBDFD /* FirebaseAnalyticsSwift */ = {
			isa = XCSwiftPackageProductDependency;
			productName = FirebaseAnalyticsSwift;
		};
		B68B89922AA48F4500ABBDFD /* FirebaseAuth */ = {
			isa = XCSwiftPackageProductDependency;
			productName = FirebaseAuth;
		};
		B68B89942AA48F4500ABBDFD /* FirebaseCrashlytics */ = {
			isa = XCSwiftPackageProductDependency;
			productName = FirebaseCrashlytics;
		};
		B68B89962AA48F4500ABBDFD /* FirebaseDynamicLinks */ = {
			isa = XCSwiftPackageProductDependency;
			productName = FirebaseDynamicLinks;
		};
		B68B89982AA48F4500ABBDFD /* FirebaseFirestore */ = {
			isa = XCSwiftPackageProductDependency;
			productName = FirebaseFirestore;
		};
		B68B899A2AA48F4500ABBDFD /* FirebaseFirestoreSwift */ = {
			isa = XCSwiftPackageProductDependency;
			productName = FirebaseFirestoreSwift;
		};
		B68B899C2AA48F4500ABBDFD /* FirebaseInstallations */ = {
			isa = XCSwiftPackageProductDependency;
			productName = FirebaseInstallations;
		};
		B68B899E2AA48F4500ABBDFD /* FirebaseMessaging */ = {
			isa = XCSwiftPackageProductDependency;
			productName = FirebaseMessaging;
		};
		B68B89A02AA48F4500ABBDFD /* FirebasePerformance */ = {
			isa = XCSwiftPackageProductDependency;
			productName = FirebasePerformance;
		};
		B68B89A22AA48F4500ABBDFD /* FirebaseRemoteConfig */ = {
			isa = XCSwiftPackageProductDependency;
			productName = FirebaseRemoteConfig;
		};
		B68B89A42AA48F4500ABBDFD /* FirebaseRemoteConfigSwift */ = {
			isa = XCSwiftPackageProductDependency;
			productName = FirebaseRemoteConfigSwift;
		};
		B68B89A62AA48F4500ABBDFD /* FirebaseStorage */ = {
			isa = XCSwiftPackageProductDependency;
			productName = FirebaseStorage;
		};
		B68B89A92AA49CED00ABBDFD /* GoogleMobileAds */ = {
			isa = XCSwiftPackageProductDependency;
			package = B68B89A82AA49CEC00ABBDFD /* XCRemoteSwiftPackageReference "swift-package-manager-google-mobile-ads" */;
			productName = GoogleMobileAds;
		};
/* End XCSwiftPackageProductDependency section */
	};
	rootObject = 468B47932A98F2DB00169BE7 /* Project object */;
}
